// !$*UTF8*$!
{
	archiveVersion = 1;
	classes = {
	};
	objectVersion = 46;
	objects = {

/* Begin PBXBuildFile section */
		F323C76418EA2F6F00EB63E3 /* OCHamcrestIOS.framework in Frameworks */ = {isa = PBXBuildFile; fileRef = F323C76318EA2F6F00EB63E3 /* OCHamcrestIOS.framework */; };
		F323C76618EA2FA400EB63E3 /* OCMockitoIOS.framework in Frameworks */ = {isa = PBXBuildFile; fileRef = F323C76518EA2FA400EB63E3 /* OCMockitoIOS.framework */; };
		F32E2ECF18D1AC3600D5A556 /* Parse.framework in Frameworks */ = {isa = PBXBuildFile; fileRef = F32E2ECE18D1AC3600D5A556 /* Parse.framework */; };
		F32E2ED118D1AC6E00D5A556 /* AudioToolbox.framework in Frameworks */ = {isa = PBXBuildFile; fileRef = F32E2ED018D1AC6E00D5A556 /* AudioToolbox.framework */; };
		F32E2ED318D1AC7A00D5A556 /* CFNetwork.framework in Frameworks */ = {isa = PBXBuildFile; fileRef = F32E2ED218D1AC7A00D5A556 /* CFNetwork.framework */; };
		F32E2ED518D1AC9000D5A556 /* CoreLocation.framework in Frameworks */ = {isa = PBXBuildFile; fileRef = F32E2ED418D1AC9000D5A556 /* CoreLocation.framework */; };
		F32E2ED718D1AC9B00D5A556 /* libz.dylib in Frameworks */ = {isa = PBXBuildFile; fileRef = F32E2ED618D1AC9B00D5A556 /* libz.dylib */; };
		F32E2ED918D1ACB700D5A556 /* Security.framework in Frameworks */ = {isa = PBXBuildFile; fileRef = F32E2ED818D1ACB700D5A556 /* Security.framework */; };
		F32E2EDD18D1ACC800D5A556 /* SystemConfiguration.framework in Frameworks */ = {isa = PBXBuildFile; fileRef = F32E2EDC18D1ACC800D5A556 /* SystemConfiguration.framework */; };
		F32E2EDF18D1B97E00D5A556 /* FacebookSDK.framework in Frameworks */ = {isa = PBXBuildFile; fileRef = F32E2EDE18D1B97E00D5A556 /* FacebookSDK.framework */; };
		F32E2EE518D298F400D5A556 /* LogInViewController.m in Sources */ = {isa = PBXBuildFile; fileRef = F32E2EE418D298F400D5A556 /* LogInViewController.m */; };
		F32E2F5018D90C5400D5A556 /* ShareSocialViewController.m in Sources */ = {isa = PBXBuildFile; fileRef = F32E2F4F18D90C5400D5A556 /* ShareSocialViewController.m */; };
		F32E2F5618DA800700D5A556 /* ParseSyncer.m in Sources */ = {isa = PBXBuildFile; fileRef = F32E2F5518DA800700D5A556 /* ParseSyncer.m */; };
		F32E2F5F18DB994200D5A556 /* Video.m in Sources */ = {isa = PBXBuildFile; fileRef = F32E2F5E18DB994200D5A556 /* Video.m */; };
		F32E2F6518DD2D8400D5A556 /* Crashlytics.framework in Frameworks */ = {isa = PBXBuildFile; fileRef = F32E2F6418DD2D8400D5A556 /* Crashlytics.framework */; };
		F330D95418972C7C009265EC /* InitialViewController.m in Sources */ = {isa = PBXBuildFile; fileRef = F330D95318972C7B009265EC /* InitialViewController.m */; };
		F33BE9911892F4E90021A5C1 /* VideosCollectionViewController.m in Sources */ = {isa = PBXBuildFile; fileRef = F33BE9901892F4E90021A5C1 /* VideosCollectionViewController.m */; };
		F33BE9941892F70A0021A5C1 /* PiecesCollectionCell.m in Sources */ = {isa = PBXBuildFile; fileRef = F33BE9931892F70A0021A5C1 /* PiecesCollectionCell.m */; };
		F33EA91518760DB50045E642 /* TakeImageViewController.m in Sources */ = {isa = PBXBuildFile; fileRef = F33EA91418760DB50045E642 /* TakeImageViewController.m */; };
		F33EA918187612140045E642 /* StillImagePreview.m in Sources */ = {isa = PBXBuildFile; fileRef = F33EA917187612140045E642 /* StillImagePreview.m */; };
		F33EA91B187641E90045E642 /* ViewImageViewController.m in Sources */ = {isa = PBXBuildFile; fileRef = F33EA91A187641E90045E642 /* ViewImageViewController.m */; };
		F33EA9211877A4FC0045E642 /* ArtProgressCoreData.xcdatamodeld in Sources */ = {isa = PBXBuildFile; fileRef = F33EA91F1877A4FC0045E642 /* ArtProgressCoreData.xcdatamodeld */; };
		F33EA9361878CF010045E642 /* CoreData.framework in Frameworks */ = {isa = PBXBuildFile; fileRef = F33EA9351878CF010045E642 /* CoreData.framework */; };
		F33EA963187A31D50045E642 /* Photo+LifeCycle.m in Sources */ = {isa = PBXBuildFile; fileRef = F33EA962187A31D50045E642 /* Photo+LifeCycle.m */; };
		F33EA966187A3B860045E642 /* SharedManagedDocument.m in Sources */ = {isa = PBXBuildFile; fileRef = F33EA965187A3B860045E642 /* SharedManagedDocument.m */; };
		F33EA969187A3BA60045E642 /* TroubleshootManagedDocument.m in Sources */ = {isa = PBXBuildFile; fileRef = F33EA968187A3BA60045E642 /* TroubleshootManagedDocument.m */; };
		F33EA987187B5BE40045E642 /* PhotoCorners+LifeCycle.m in Sources */ = {isa = PBXBuildFile; fileRef = F33EA986187B5BE40045E642 /* PhotoCorners+LifeCycle.m */; };
		F33EA993187BA1380045E642 /* EditImageViewController.m in Sources */ = {isa = PBXBuildFile; fileRef = F33EA992187BA1380045E642 /* EditImageViewController.m */; };
		F3656E7018BAF0440008B694 /* MotionVideoPlayer.m in Sources */ = {isa = PBXBuildFile; fileRef = F3656E6F18BAF0440008B694 /* MotionVideoPlayer.m */; };
		F3A37DBF18947425003B530C /* CollectionViewLayout.m in Sources */ = {isa = PBXBuildFile; fileRef = F3A37DBE18947425003B530C /* CollectionViewLayout.m */; };
		F3A494DF1888A9C700CBAE82 /* Video+LifeCycle.m in Sources */ = {isa = PBXBuildFile; fileRef = F3A494DE1888A9C700CBAE82 /* Video+LifeCycle.m */; };
		F3A494F7188B2ED300CBAE82 /* VideoCreator.m in Sources */ = {isa = PBXBuildFile; fileRef = F3A494F6188B2ED300CBAE82 /* VideoCreator.m */; };
		F3A494FA188DEF4E00CBAE82 /* VideoPlayView.m in Sources */ = {isa = PBXBuildFile; fileRef = F3A494F9188DEF4E00CBAE82 /* VideoPlayView.m */; };
		F3A495061891D18E00CBAE82 /* CoreDataCollectionViewController.m in Sources */ = {isa = PBXBuildFile; fileRef = F3A495051891D18E00CBAE82 /* CoreDataCollectionViewController.m */; };
		F3AAD68718C15ACE00B5A23B /* VideoPlayViewController.m in Sources */ = {isa = PBXBuildFile; fileRef = F3AAD68618C15ACE00B5A23B /* VideoPlayViewController.m */; };
		F3AAD68918C2A8A400B5A23B /* MediaPlayer.framework in Frameworks */ = {isa = PBXBuildFile; fileRef = F3AAD68818C2A8A400B5A23B /* MediaPlayer.framework */; };
		F3AAD68F18C2ABFB00B5A23B /* FullScreenMovieViewController.m in Sources */ = {isa = PBXBuildFile; fileRef = F3AAD68E18C2ABFB00B5A23B /* FullScreenMovieViewController.m */; };
		F3AF498C18B448B4006249BF /* PiecesNavigationController.m in Sources */ = {isa = PBXBuildFile; fileRef = F3AF498B18B448B4006249BF /* PiecesNavigationController.m */; };
		F3B0ECCC1857A5AF00143044 /* CanvasStraightener.cpp in Sources */ = {isa = PBXBuildFile; fileRef = F3B0ECCA1857A5AF00143044 /* CanvasStraightener.cpp */; };
		F3B0ECD41857B93100143044 /* Canvas.mm in Sources */ = {isa = PBXBuildFile; fileRef = F3B0ECD31857B93100143044 /* Canvas.mm */; };
		F3C028AA1843F5BD00FF08F1 /* Foundation.framework in Frameworks */ = {isa = PBXBuildFile; fileRef = F3C028A91843F5BD00FF08F1 /* Foundation.framework */; };
		F3C028AC1843F5BD00FF08F1 /* CoreGraphics.framework in Frameworks */ = {isa = PBXBuildFile; fileRef = F3C028AB1843F5BD00FF08F1 /* CoreGraphics.framework */; };
		F3C028AE1843F5BD00FF08F1 /* UIKit.framework in Frameworks */ = {isa = PBXBuildFile; fileRef = F3C028AD1843F5BD00FF08F1 /* UIKit.framework */; };
		F3C028B61843F5BD00FF08F1 /* main.mm in Sources */ = {isa = PBXBuildFile; fileRef = F3C028B51843F5BD00FF08F1 /* main.mm */; };
		F3C028BA1843F5BD00FF08F1 /* newBlacAppDelegate.m in Sources */ = {isa = PBXBuildFile; fileRef = F3C028B91843F5BD00FF08F1 /* newBlacAppDelegate.m */; };
		F3C028BD1843F5BD00FF08F1 /* Main.storyboard in Resources */ = {isa = PBXBuildFile; fileRef = F3C028BB1843F5BD00FF08F1 /* Main.storyboard */; };
		F3C028C01843F5BD00FF08F1 /* FramesCollectionViewController.m in Sources */ = {isa = PBXBuildFile; fileRef = F3C028BF1843F5BD00FF08F1 /* FramesCollectionViewController.m */; };
		F3C028C91843F5BD00FF08F1 /* XCTest.framework in Frameworks */ = {isa = PBXBuildFile; fileRef = F3C028C81843F5BD00FF08F1 /* XCTest.framework */; };
		F3C028CA1843F5BD00FF08F1 /* Foundation.framework in Frameworks */ = {isa = PBXBuildFile; fileRef = F3C028A91843F5BD00FF08F1 /* Foundation.framework */; };
		F3C028CB1843F5BD00FF08F1 /* UIKit.framework in Frameworks */ = {isa = PBXBuildFile; fileRef = F3C028AD1843F5BD00FF08F1 /* UIKit.framework */; };
		F3C028D31843F5BD00FF08F1 /* InfoPlist.strings in Resources */ = {isa = PBXBuildFile; fileRef = F3C028D11843F5BD00FF08F1 /* InfoPlist.strings */; };
		F3C028DF1843F5DB00FF08F1 /* opencv2.framework in Frameworks */ = {isa = PBXBuildFile; fileRef = F3C028DE1843F5DB00FF08F1 /* opencv2.framework */; };
		F3C028F9184429D800FF08F1 /* AVFoundation.framework in Frameworks */ = {isa = PBXBuildFile; fileRef = F3C028F8184429D800FF08F1 /* AVFoundation.framework */; };
		F3C028FB184429E100FF08F1 /* MobileCoreServices.framework in Frameworks */ = {isa = PBXBuildFile; fileRef = F3C028FA184429E100FF08F1 /* MobileCoreServices.framework */; settings = {ATTRIBUTES = (Required, ); }; };
		F3C028FD18442A0300FF08F1 /* libc++.dylib in Frameworks */ = {isa = PBXBuildFile; fileRef = F3C028FC18442A0300FF08F1 /* libc++.dylib */; };
		F3C0290818443ADB00FF08F1 /* AssetsLibrary.framework in Frameworks */ = {isa = PBXBuildFile; fileRef = F3C0290318443ADB00FF08F1 /* AssetsLibrary.framework */; };
		F3C0290918443ADB00FF08F1 /* CoreImage.framework in Frameworks */ = {isa = PBXBuildFile; fileRef = F3C0290418443ADB00FF08F1 /* CoreImage.framework */; };
		F3C0290A18443ADB00FF08F1 /* CoreMedia.framework in Frameworks */ = {isa = PBXBuildFile; fileRef = F3C0290518443ADB00FF08F1 /* CoreMedia.framework */; };
		F3C0290B18443ADB00FF08F1 /* QuartzCore.framework in Frameworks */ = {isa = PBXBuildFile; fileRef = F3C0290618443ADB00FF08F1 /* QuartzCore.framework */; settings = {ATTRIBUTES = (Required, ); }; };
		F3C8566B18CBE08B00C9FE97 /* Images.xcassets in Resources */ = {isa = PBXBuildFile; fileRef = F3C8566A18CBE08B00C9FE97 /* Images.xcassets */; };
		F3C8568018CFDB5400C9FE97 /* PhotoCorners.m in Sources */ = {isa = PBXBuildFile; fileRef = F3C8567F18CFDB5400C9FE97 /* PhotoCorners.m */; };
		F3C8568618CFDB5500C9FE97 /* Photo.m in Sources */ = {isa = PBXBuildFile; fileRef = F3C8568518CFDB5500C9FE97 /* Photo.m */; };
		F3E5B65918E64FA600C4B46E /* MagicalImportFunctions.m in Sources */ = {isa = PBXBuildFile; fileRef = F3E5B62018E64FA600C4B46E /* MagicalImportFunctions.m */; };
		F3E5B65A18E64FA600C4B46E /* NSAttributeDescription+MagicalDataImport.m in Sources */ = {isa = PBXBuildFile; fileRef = F3E5B62218E64FA600C4B46E /* NSAttributeDescription+MagicalDataImport.m */; };
		F3E5B65B18E64FA600C4B46E /* NSEntityDescription+MagicalDataImport.m in Sources */ = {isa = PBXBuildFile; fileRef = F3E5B62418E64FA600C4B46E /* NSEntityDescription+MagicalDataImport.m */; };
		F3E5B65C18E64FA600C4B46E /* NSNumber+MagicalDataImport.m in Sources */ = {isa = PBXBuildFile; fileRef = F3E5B62618E64FA600C4B46E /* NSNumber+MagicalDataImport.m */; };
		F3E5B65D18E64FA600C4B46E /* NSObject+MagicalDataImport.m in Sources */ = {isa = PBXBuildFile; fileRef = F3E5B62818E64FA600C4B46E /* NSObject+MagicalDataImport.m */; };
		F3E5B65E18E64FA600C4B46E /* NSRelationshipDescription+MagicalDataImport.m in Sources */ = {isa = PBXBuildFile; fileRef = F3E5B62A18E64FA600C4B46E /* NSRelationshipDescription+MagicalDataImport.m */; };
		F3E5B65F18E64FA600C4B46E /* NSString+MagicalDataImport.m in Sources */ = {isa = PBXBuildFile; fileRef = F3E5B62C18E64FA600C4B46E /* NSString+MagicalDataImport.m */; };
		F3E5B66018E64FA600C4B46E /* NSManagedObject+MagicalAggregation.m in Sources */ = {isa = PBXBuildFile; fileRef = F3E5B62F18E64FA600C4B46E /* NSManagedObject+MagicalAggregation.m */; };
		F3E5B66118E64FA600C4B46E /* NSManagedObject+MagicalDataImport.m in Sources */ = {isa = PBXBuildFile; fileRef = F3E5B63118E64FA600C4B46E /* NSManagedObject+MagicalDataImport.m */; };
		F3E5B66218E64FA600C4B46E /* NSManagedObject+MagicalFinders.m in Sources */ = {isa = PBXBuildFile; fileRef = F3E5B63318E64FA600C4B46E /* NSManagedObject+MagicalFinders.m */; };
		F3E5B66318E64FA600C4B46E /* NSManagedObject+MagicalRecord.m in Sources */ = {isa = PBXBuildFile; fileRef = F3E5B63518E64FA600C4B46E /* NSManagedObject+MagicalRecord.m */; };
		F3E5B66418E64FA600C4B46E /* NSManagedObject+MagicalRequests.m in Sources */ = {isa = PBXBuildFile; fileRef = F3E5B63718E64FA600C4B46E /* NSManagedObject+MagicalRequests.m */; };
		F3E5B66518E64FA600C4B46E /* NSManagedObjectContext+MagicalObserving.m in Sources */ = {isa = PBXBuildFile; fileRef = F3E5B63A18E64FA600C4B46E /* NSManagedObjectContext+MagicalObserving.m */; };
		F3E5B66618E64FA600C4B46E /* NSManagedObjectContext+MagicalRecord.m in Sources */ = {isa = PBXBuildFile; fileRef = F3E5B63C18E64FA600C4B46E /* NSManagedObjectContext+MagicalRecord.m */; };
		F3E5B66718E64FA600C4B46E /* NSManagedObjectContext+MagicalSaves.m in Sources */ = {isa = PBXBuildFile; fileRef = F3E5B63E18E64FA600C4B46E /* NSManagedObjectContext+MagicalSaves.m */; };
		F3E5B66818E64FA600C4B46E /* NSManagedObjectContext+MagicalThreading.m in Sources */ = {isa = PBXBuildFile; fileRef = F3E5B64018E64FA600C4B46E /* NSManagedObjectContext+MagicalThreading.m */; };
		F3E5B66918E64FA600C4B46E /* NSManagedObjectModel+MagicalRecord.m in Sources */ = {isa = PBXBuildFile; fileRef = F3E5B64218E64FA600C4B46E /* NSManagedObjectModel+MagicalRecord.m */; };
		F3E5B66A18E64FA600C4B46E /* NSPersistentStore+MagicalRecord.m in Sources */ = {isa = PBXBuildFile; fileRef = F3E5B64418E64FA600C4B46E /* NSPersistentStore+MagicalRecord.m */; };
		F3E5B66B18E64FA600C4B46E /* NSPersistentStoreCoordinator+MagicalRecord.m in Sources */ = {isa = PBXBuildFile; fileRef = F3E5B64618E64FA600C4B46E /* NSPersistentStoreCoordinator+MagicalRecord.m */; };
		F3E5B66C18E64FA600C4B46E /* MagicalRecord+Actions.m in Sources */ = {isa = PBXBuildFile; fileRef = F3E5B64918E64FA600C4B46E /* MagicalRecord+Actions.m */; };
		F3E5B66D18E64FA600C4B46E /* MagicalRecord+ErrorHandling.m in Sources */ = {isa = PBXBuildFile; fileRef = F3E5B64B18E64FA600C4B46E /* MagicalRecord+ErrorHandling.m */; };
		F3E5B66E18E64FA600C4B46E /* MagicalRecord+iCloud.m in Sources */ = {isa = PBXBuildFile; fileRef = F3E5B64D18E64FA600C4B46E /* MagicalRecord+iCloud.m */; };
		F3E5B66F18E64FA600C4B46E /* MagicalRecord+Options.m in Sources */ = {isa = PBXBuildFile; fileRef = F3E5B64F18E64FA600C4B46E /* MagicalRecord+Options.m */; };
		F3E5B67018E64FA600C4B46E /* MagicalRecord+Setup.m in Sources */ = {isa = PBXBuildFile; fileRef = F3E5B65118E64FA600C4B46E /* MagicalRecord+Setup.m */; };
		F3E5B67118E64FA600C4B46E /* MagicalRecord+ShorthandSupport.m in Sources */ = {isa = PBXBuildFile; fileRef = F3E5B65318E64FA600C4B46E /* MagicalRecord+ShorthandSupport.m */; };
		F3E5B67218E64FA600C4B46E /* MagicalRecord.m in Sources */ = {isa = PBXBuildFile; fileRef = F3E5B65518E64FA600C4B46E /* MagicalRecord.m */; };
		F3EE445618E2305400D21386 /* InfoPlist.strings in Resources */ = {isa = PBXBuildFile; fileRef = F3EE445218E2305400D21386 /* InfoPlist.strings */; };
		F3EE445718E2305400D21386 /* Localizable.strings in Resources */ = {isa = PBXBuildFile; fileRef = F3EE445418E2305400D21386 /* Localizable.strings */; };
		F3EE445D18E2309200D21386 /* InfoPlist.strings in Resources */ = {isa = PBXBuildFile; fileRef = F3EE445918E2309200D21386 /* InfoPlist.strings */; };
		F3EE445E18E2309200D21386 /* Localizable.strings in Resources */ = {isa = PBXBuildFile; fileRef = F3EE445B18E2309200D21386 /* Localizable.strings */; };
		F3EE446218E389A600D21386 /* VideoCreatorTest.m in Sources */ = {isa = PBXBuildFile; fileRef = F3EE446118E389A600D21386 /* VideoCreatorTest.m */; };
		F3EE446318E3B08F00D21386 /* VideoCreator.m in Sources */ = {isa = PBXBuildFile; fileRef = F3A494F6188B2ED300CBAE82 /* VideoCreator.m */; };
		F3EE446718E4B8D100D21386 /* TextEditingView.m in Sources */ = {isa = PBXBuildFile; fileRef = F3EE446618E4B8D100D21386 /* TextEditingView.m */; };
		F3FEBEF1187CCB55000C1181 /* CornerDetectionView.m in Sources */ = {isa = PBXBuildFile; fileRef = F3FEBEF0187CCB55000C1181 /* CornerDetectionView.m */; };
		F3FEBF06187FA955000C1181 /* UIImage+ResizeImage.m in Sources */ = {isa = PBXBuildFile; fileRef = F3FEBF05187FA955000C1181 /* UIImage+ResizeImage.m */; };
		F3FEBF0918809D85000C1181 /* CornerCircle.m in Sources */ = {isa = PBXBuildFile; fileRef = F3FEBF0818809D85000C1181 /* CornerCircle.m */; };
/* End PBXBuildFile section */

/* Begin PBXContainerItemProxy section */
		F3C028CC1843F5BD00FF08F1 /* PBXContainerItemProxy */ = {
			isa = PBXContainerItemProxy;
			containerPortal = F3C0289E1843F5BD00FF08F1 /* Project object */;
			proxyType = 1;
			remoteGlobalIDString = F3C028A51843F5BD00FF08F1;
			remoteInfo = NewBlac;
		};
/* End PBXContainerItemProxy section */

/* Begin PBXFileReference section */
		F323C76318EA2F6F00EB63E3 /* OCHamcrestIOS.framework */ = {isa = PBXFileReference; lastKnownFileType = wrapper.framework; path = OCHamcrestIOS.framework; sourceTree = "<group>"; };
		F323C76518EA2FA400EB63E3 /* OCMockitoIOS.framework */ = {isa = PBXFileReference; lastKnownFileType = wrapper.framework; path = OCMockitoIOS.framework; sourceTree = "<group>"; };
		F32E2ECE18D1AC3600D5A556 /* Parse.framework */ = {isa = PBXFileReference; lastKnownFileType = wrapper.framework; path = Parse.framework; sourceTree = "<group>"; };
		F32E2ED018D1AC6E00D5A556 /* AudioToolbox.framework */ = {isa = PBXFileReference; lastKnownFileType = wrapper.framework; name = AudioToolbox.framework; path = System/Library/Frameworks/AudioToolbox.framework; sourceTree = SDKROOT; };
		F32E2ED218D1AC7A00D5A556 /* CFNetwork.framework */ = {isa = PBXFileReference; lastKnownFileType = wrapper.framework; name = CFNetwork.framework; path = System/Library/Frameworks/CFNetwork.framework; sourceTree = SDKROOT; };
		F32E2ED418D1AC9000D5A556 /* CoreLocation.framework */ = {isa = PBXFileReference; lastKnownFileType = wrapper.framework; name = CoreLocation.framework; path = System/Library/Frameworks/CoreLocation.framework; sourceTree = SDKROOT; };
		F32E2ED618D1AC9B00D5A556 /* libz.dylib */ = {isa = PBXFileReference; lastKnownFileType = "compiled.mach-o.dylib"; name = libz.dylib; path = usr/lib/libz.dylib; sourceTree = SDKROOT; };
		F32E2ED818D1ACB700D5A556 /* Security.framework */ = {isa = PBXFileReference; lastKnownFileType = wrapper.framework; name = Security.framework; path = System/Library/Frameworks/Security.framework; sourceTree = SDKROOT; };
		F32E2EDC18D1ACC800D5A556 /* SystemConfiguration.framework */ = {isa = PBXFileReference; lastKnownFileType = wrapper.framework; name = SystemConfiguration.framework; path = System/Library/Frameworks/SystemConfiguration.framework; sourceTree = SDKROOT; };
		F32E2EDE18D1B97E00D5A556 /* FacebookSDK.framework */ = {isa = PBXFileReference; lastKnownFileType = wrapper.framework; name = FacebookSDK.framework; path = ../../../../Documents/FacebookSDK/FacebookSDK.framework; sourceTree = "<group>"; };
		F32E2EE318D298F400D5A556 /* LogInViewController.h */ = {isa = PBXFileReference; fileEncoding = 4; lastKnownFileType = sourcecode.c.h; path = LogInViewController.h; sourceTree = "<group>"; };
		F32E2EE418D298F400D5A556 /* LogInViewController.m */ = {isa = PBXFileReference; fileEncoding = 4; lastKnownFileType = sourcecode.c.objc; path = LogInViewController.m; sourceTree = "<group>"; };
		F32E2F4E18D90C5400D5A556 /* ShareSocialViewController.h */ = {isa = PBXFileReference; fileEncoding = 4; lastKnownFileType = sourcecode.c.h; path = ShareSocialViewController.h; sourceTree = "<group>"; };
		F32E2F4F18D90C5400D5A556 /* ShareSocialViewController.m */ = {isa = PBXFileReference; fileEncoding = 4; lastKnownFileType = sourcecode.c.objc; path = ShareSocialViewController.m; sourceTree = "<group>"; };
		F32E2F5418DA800700D5A556 /* ParseSyncer.h */ = {isa = PBXFileReference; fileEncoding = 4; lastKnownFileType = sourcecode.c.h; path = ParseSyncer.h; sourceTree = "<group>"; };
		F32E2F5518DA800700D5A556 /* ParseSyncer.m */ = {isa = PBXFileReference; fileEncoding = 4; lastKnownFileType = sourcecode.c.objc; path = ParseSyncer.m; sourceTree = "<group>"; };
		F32E2F5D18DB994200D5A556 /* Video.h */ = {isa = PBXFileReference; fileEncoding = 4; lastKnownFileType = sourcecode.c.h; name = Video.h; path = NewBlac/Video.h; sourceTree = "<group>"; };
		F32E2F5E18DB994200D5A556 /* Video.m */ = {isa = PBXFileReference; fileEncoding = 4; lastKnownFileType = sourcecode.c.objc; name = Video.m; path = NewBlac/Video.m; sourceTree = "<group>"; };
		F32E2F6418DD2D8400D5A556 /* Crashlytics.framework */ = {isa = PBXFileReference; lastKnownFileType = wrapper.framework; path = Crashlytics.framework; sourceTree = "<group>"; };
		F330D95218972C7B009265EC /* InitialViewController.h */ = {isa = PBXFileReference; fileEncoding = 4; lastKnownFileType = sourcecode.c.h; path = InitialViewController.h; sourceTree = "<group>"; };
		F330D95318972C7B009265EC /* InitialViewController.m */ = {isa = PBXFileReference; fileEncoding = 4; lastKnownFileType = sourcecode.c.objc; path = InitialViewController.m; sourceTree = "<group>"; };
		F33BE98F1892F4E90021A5C1 /* VideosCollectionViewController.h */ = {isa = PBXFileReference; fileEncoding = 4; lastKnownFileType = sourcecode.c.h; path = VideosCollectionViewController.h; sourceTree = "<group>"; };
		F33BE9901892F4E90021A5C1 /* VideosCollectionViewController.m */ = {isa = PBXFileReference; fileEncoding = 4; lastKnownFileType = sourcecode.c.objc; path = VideosCollectionViewController.m; sourceTree = "<group>"; };
		F33BE9921892F70A0021A5C1 /* PiecesCollectionCell.h */ = {isa = PBXFileReference; fileEncoding = 4; lastKnownFileType = sourcecode.c.h; path = PiecesCollectionCell.h; sourceTree = "<group>"; };
		F33BE9931892F70A0021A5C1 /* PiecesCollectionCell.m */ = {isa = PBXFileReference; fileEncoding = 4; lastKnownFileType = sourcecode.c.objc; path = PiecesCollectionCell.m; sourceTree = "<group>"; };
		F33EA91318760DB50045E642 /* TakeImageViewController.h */ = {isa = PBXFileReference; fileEncoding = 4; lastKnownFileType = sourcecode.c.h; path = TakeImageViewController.h; sourceTree = "<group>"; };
		F33EA91418760DB50045E642 /* TakeImageViewController.m */ = {isa = PBXFileReference; fileEncoding = 4; lastKnownFileType = sourcecode.c.objc; path = TakeImageViewController.m; sourceTree = "<group>"; };
		F33EA916187612140045E642 /* StillImagePreview.h */ = {isa = PBXFileReference; fileEncoding = 4; lastKnownFileType = sourcecode.c.h; path = StillImagePreview.h; sourceTree = "<group>"; };
		F33EA917187612140045E642 /* StillImagePreview.m */ = {isa = PBXFileReference; fileEncoding = 4; lastKnownFileType = sourcecode.c.objc; path = StillImagePreview.m; sourceTree = "<group>"; };
		F33EA919187641E90045E642 /* ViewImageViewController.h */ = {isa = PBXFileReference; fileEncoding = 4; lastKnownFileType = sourcecode.c.h; path = ViewImageViewController.h; sourceTree = "<group>"; };
		F33EA91A187641E90045E642 /* ViewImageViewController.m */ = {isa = PBXFileReference; fileEncoding = 4; lastKnownFileType = sourcecode.c.objc; path = ViewImageViewController.m; sourceTree = "<group>"; };
		F33EA9201877A4FC0045E642 /* ArtProgressCoreData.xcdatamodel */ = {isa = PBXFileReference; lastKnownFileType = wrapper.xcdatamodel; path = ArtProgressCoreData.xcdatamodel; sourceTree = "<group>"; };
		F33EA9351878CF010045E642 /* CoreData.framework */ = {isa = PBXFileReference; lastKnownFileType = wrapper.framework; name = CoreData.framework; path = System/Library/Frameworks/CoreData.framework; sourceTree = SDKROOT; };
		F33EA961187A31D50045E642 /* Photo+LifeCycle.h */ = {isa = PBXFileReference; fileEncoding = 4; lastKnownFileType = sourcecode.c.h; name = "Photo+LifeCycle.h"; path = "NewBlac/Photo+LifeCycle.h"; sourceTree = "<group>"; };
		F33EA962187A31D50045E642 /* Photo+LifeCycle.m */ = {isa = PBXFileReference; fileEncoding = 4; lastKnownFileType = sourcecode.c.objc; name = "Photo+LifeCycle.m"; path = "NewBlac/Photo+LifeCycle.m"; sourceTree = "<group>"; };
		F33EA964187A3B860045E642 /* SharedManagedDocument.h */ = {isa = PBXFileReference; fileEncoding = 4; lastKnownFileType = sourcecode.c.h; name = SharedManagedDocument.h; path = ../SharedManagedDocument.h; sourceTree = "<group>"; };
		F33EA965187A3B860045E642 /* SharedManagedDocument.m */ = {isa = PBXFileReference; fileEncoding = 4; lastKnownFileType = sourcecode.c.objc; name = SharedManagedDocument.m; path = ../SharedManagedDocument.m; sourceTree = "<group>"; };
		F33EA967187A3BA60045E642 /* TroubleshootManagedDocument.h */ = {isa = PBXFileReference; fileEncoding = 4; lastKnownFileType = sourcecode.c.h; name = TroubleshootManagedDocument.h; path = ../TroubleshootManagedDocument.h; sourceTree = "<group>"; };
		F33EA968187A3BA60045E642 /* TroubleshootManagedDocument.m */ = {isa = PBXFileReference; fileEncoding = 4; lastKnownFileType = sourcecode.c.objc; name = TroubleshootManagedDocument.m; path = ../TroubleshootManagedDocument.m; sourceTree = "<group>"; };
		F33EA985187B5BE40045E642 /* PhotoCorners+LifeCycle.h */ = {isa = PBXFileReference; fileEncoding = 4; lastKnownFileType = sourcecode.c.h; name = "PhotoCorners+LifeCycle.h"; path = "NewBlac/PhotoCorners+LifeCycle.h"; sourceTree = "<group>"; };
		F33EA986187B5BE40045E642 /* PhotoCorners+LifeCycle.m */ = {isa = PBXFileReference; fileEncoding = 4; lastKnownFileType = sourcecode.c.objc; name = "PhotoCorners+LifeCycle.m"; path = "NewBlac/PhotoCorners+LifeCycle.m"; sourceTree = "<group>"; };
		F33EA991187BA1380045E642 /* EditImageViewController.h */ = {isa = PBXFileReference; fileEncoding = 4; lastKnownFileType = sourcecode.c.h; path = EditImageViewController.h; sourceTree = "<group>"; };
		F33EA992187BA1380045E642 /* EditImageViewController.m */ = {isa = PBXFileReference; fileEncoding = 4; lastKnownFileType = sourcecode.c.objc; path = EditImageViewController.m; sourceTree = "<group>"; };
		F3656E6E18BAF0440008B694 /* MotionVideoPlayer.h */ = {isa = PBXFileReference; fileEncoding = 4; lastKnownFileType = sourcecode.c.h; path = MotionVideoPlayer.h; sourceTree = "<group>"; };
		F3656E6F18BAF0440008B694 /* MotionVideoPlayer.m */ = {isa = PBXFileReference; fileEncoding = 4; lastKnownFileType = sourcecode.c.objc; path = MotionVideoPlayer.m; sourceTree = "<group>"; };
		F3A37DBD18947425003B530C /* CollectionViewLayout.h */ = {isa = PBXFileReference; fileEncoding = 4; lastKnownFileType = sourcecode.c.h; path = CollectionViewLayout.h; sourceTree = "<group>"; };
		F3A37DBE18947425003B530C /* CollectionViewLayout.m */ = {isa = PBXFileReference; fileEncoding = 4; lastKnownFileType = sourcecode.c.objc; path = CollectionViewLayout.m; sourceTree = "<group>"; };
		F3A494DD1888A9C700CBAE82 /* Video+LifeCycle.h */ = {isa = PBXFileReference; fileEncoding = 4; lastKnownFileType = sourcecode.c.h; name = "Video+LifeCycle.h"; path = "NewBlac/Video+LifeCycle.h"; sourceTree = "<group>"; };
		F3A494DE1888A9C700CBAE82 /* Video+LifeCycle.m */ = {isa = PBXFileReference; fileEncoding = 4; lastKnownFileType = sourcecode.c.objc; name = "Video+LifeCycle.m"; path = "NewBlac/Video+LifeCycle.m"; sourceTree = "<group>"; };
		F3A494F5188B2ED300CBAE82 /* VideoCreator.h */ = {isa = PBXFileReference; fileEncoding = 4; lastKnownFileType = sourcecode.c.h; path = VideoCreator.h; sourceTree = "<group>"; };
		F3A494F6188B2ED300CBAE82 /* VideoCreator.m */ = {isa = PBXFileReference; fileEncoding = 4; lastKnownFileType = sourcecode.c.objc; path = VideoCreator.m; sourceTree = "<group>"; };
		F3A494F8188DEF4E00CBAE82 /* VideoPlayView.h */ = {isa = PBXFileReference; fileEncoding = 4; lastKnownFileType = sourcecode.c.h; path = VideoPlayView.h; sourceTree = "<group>"; };
		F3A494F9188DEF4E00CBAE82 /* VideoPlayView.m */ = {isa = PBXFileReference; fileEncoding = 4; lastKnownFileType = sourcecode.c.objc; path = VideoPlayView.m; sourceTree = "<group>"; };
		F3A495041891D18E00CBAE82 /* CoreDataCollectionViewController.h */ = {isa = PBXFileReference; fileEncoding = 4; lastKnownFileType = sourcecode.c.h; path = CoreDataCollectionViewController.h; sourceTree = "<group>"; };
		F3A495051891D18E00CBAE82 /* CoreDataCollectionViewController.m */ = {isa = PBXFileReference; fileEncoding = 4; lastKnownFileType = sourcecode.c.objc; path = CoreDataCollectionViewController.m; sourceTree = "<group>"; };
		F3AAD68518C15ACE00B5A23B /* VideoPlayViewController.h */ = {isa = PBXFileReference; fileEncoding = 4; lastKnownFileType = sourcecode.c.h; path = VideoPlayViewController.h; sourceTree = "<group>"; };
		F3AAD68618C15ACE00B5A23B /* VideoPlayViewController.m */ = {isa = PBXFileReference; fileEncoding = 4; lastKnownFileType = sourcecode.c.objc; path = VideoPlayViewController.m; sourceTree = "<group>"; };
		F3AAD68818C2A8A400B5A23B /* MediaPlayer.framework */ = {isa = PBXFileReference; lastKnownFileType = wrapper.framework; name = MediaPlayer.framework; path = System/Library/Frameworks/MediaPlayer.framework; sourceTree = SDKROOT; };
		F3AAD68D18C2ABFB00B5A23B /* FullScreenMovieViewController.h */ = {isa = PBXFileReference; fileEncoding = 4; lastKnownFileType = sourcecode.c.h; path = FullScreenMovieViewController.h; sourceTree = "<group>"; };
		F3AAD68E18C2ABFB00B5A23B /* FullScreenMovieViewController.m */ = {isa = PBXFileReference; fileEncoding = 4; lastKnownFileType = sourcecode.c.objc; path = FullScreenMovieViewController.m; sourceTree = "<group>"; };
		F3AF498A18B448B4006249BF /* PiecesNavigationController.h */ = {isa = PBXFileReference; fileEncoding = 4; lastKnownFileType = sourcecode.c.h; path = PiecesNavigationController.h; sourceTree = "<group>"; };
		F3AF498B18B448B4006249BF /* PiecesNavigationController.m */ = {isa = PBXFileReference; fileEncoding = 4; lastKnownFileType = sourcecode.c.objc; path = PiecesNavigationController.m; sourceTree = "<group>"; };
		F3B0ECCA1857A5AF00143044 /* CanvasStraightener.cpp */ = {isa = PBXFileReference; fileEncoding = 4; lastKnownFileType = sourcecode.cpp.cpp; name = CanvasStraightener.cpp; path = ../CanvasStraightener.cpp; sourceTree = "<group>"; };
		F3B0ECCB1857A5AF00143044 /* CanvasStraightener.hpp */ = {isa = PBXFileReference; fileEncoding = 4; lastKnownFileType = sourcecode.cpp.h; name = CanvasStraightener.hpp; path = ../CanvasStraightener.hpp; sourceTree = "<group>"; };
		F3B0ECD21857B93100143044 /* Canvas.h */ = {isa = PBXFileReference; fileEncoding = 4; lastKnownFileType = sourcecode.c.h; path = Canvas.h; sourceTree = "<group>"; };
		F3B0ECD31857B93100143044 /* Canvas.mm */ = {isa = PBXFileReference; fileEncoding = 4; lastKnownFileType = sourcecode.cpp.objcpp; path = Canvas.mm; sourceTree = "<group>"; };
		F3C028A61843F5BD00FF08F1 /* NewBlac.app */ = {isa = PBXFileReference; explicitFileType = wrapper.application; includeInIndex = 0; path = NewBlac.app; sourceTree = BUILT_PRODUCTS_DIR; };
		F3C028A91843F5BD00FF08F1 /* Foundation.framework */ = {isa = PBXFileReference; lastKnownFileType = wrapper.framework; name = Foundation.framework; path = System/Library/Frameworks/Foundation.framework; sourceTree = SDKROOT; };
		F3C028AB1843F5BD00FF08F1 /* CoreGraphics.framework */ = {isa = PBXFileReference; lastKnownFileType = wrapper.framework; name = CoreGraphics.framework; path = System/Library/Frameworks/CoreGraphics.framework; sourceTree = SDKROOT; };
		F3C028AD1843F5BD00FF08F1 /* UIKit.framework */ = {isa = PBXFileReference; lastKnownFileType = wrapper.framework; name = UIKit.framework; path = System/Library/Frameworks/UIKit.framework; sourceTree = SDKROOT; };
		F3C028B11843F5BD00FF08F1 /* NewBlac-Info.plist */ = {isa = PBXFileReference; lastKnownFileType = text.plist.xml; path = "NewBlac-Info.plist"; sourceTree = "<group>"; };
		F3C028B51843F5BD00FF08F1 /* main.mm */ = {isa = PBXFileReference; lastKnownFileType = sourcecode.cpp.objcpp; path = main.mm; sourceTree = "<group>"; };
		F3C028B71843F5BD00FF08F1 /* NewBlac-Prefix.pch */ = {isa = PBXFileReference; lastKnownFileType = sourcecode.c.h; path = "NewBlac-Prefix.pch"; sourceTree = "<group>"; };
		F3C028B81843F5BD00FF08F1 /* newBlacAppDelegate.h */ = {isa = PBXFileReference; lastKnownFileType = sourcecode.c.h; path = newBlacAppDelegate.h; sourceTree = "<group>"; };
		F3C028B91843F5BD00FF08F1 /* newBlacAppDelegate.m */ = {isa = PBXFileReference; lastKnownFileType = sourcecode.c.objc; path = newBlacAppDelegate.m; sourceTree = "<group>"; };
		F3C028BC1843F5BD00FF08F1 /* Base */ = {isa = PBXFileReference; lastKnownFileType = file.storyboard; name = Base; path = Base.lproj/Main.storyboard; sourceTree = "<group>"; };
		F3C028BE1843F5BD00FF08F1 /* FramesCollectionViewController.h */ = {isa = PBXFileReference; lastKnownFileType = sourcecode.c.h; path = FramesCollectionViewController.h; sourceTree = "<group>"; };
		F3C028BF1843F5BD00FF08F1 /* FramesCollectionViewController.m */ = {isa = PBXFileReference; lastKnownFileType = sourcecode.c.objc; path = FramesCollectionViewController.m; sourceTree = "<group>"; };
		F3C028C71843F5BD00FF08F1 /* NewBlacTests.xctest */ = {isa = PBXFileReference; explicitFileType = wrapper.cfbundle; includeInIndex = 0; path = NewBlacTests.xctest; sourceTree = BUILT_PRODUCTS_DIR; };
		F3C028C81843F5BD00FF08F1 /* XCTest.framework */ = {isa = PBXFileReference; lastKnownFileType = wrapper.framework; name = XCTest.framework; path = Library/Frameworks/XCTest.framework; sourceTree = DEVELOPER_DIR; };
		F3C028D01843F5BD00FF08F1 /* NewBlacTests-Info.plist */ = {isa = PBXFileReference; lastKnownFileType = text.plist.xml; path = "NewBlacTests-Info.plist"; sourceTree = "<group>"; };
		F3C028D21843F5BD00FF08F1 /* en */ = {isa = PBXFileReference; lastKnownFileType = text.plist.strings; name = en; path = en.lproj/InfoPlist.strings; sourceTree = "<group>"; };
		F3C028DE1843F5DB00FF08F1 /* opencv2.framework */ = {isa = PBXFileReference; lastKnownFileType = wrapper.framework; name = opencv2.framework; path = ../../ios/opencv2.framework; sourceTree = "<group>"; };
		F3C028F8184429D800FF08F1 /* AVFoundation.framework */ = {isa = PBXFileReference; lastKnownFileType = wrapper.framework; name = AVFoundation.framework; path = System/Library/Frameworks/AVFoundation.framework; sourceTree = SDKROOT; };
		F3C028FA184429E100FF08F1 /* MobileCoreServices.framework */ = {isa = PBXFileReference; lastKnownFileType = wrapper.framework; name = MobileCoreServices.framework; path = System/Library/Frameworks/MobileCoreServices.framework; sourceTree = SDKROOT; };
		F3C028FC18442A0300FF08F1 /* libc++.dylib */ = {isa = PBXFileReference; lastKnownFileType = "compiled.mach-o.dylib"; name = "libc++.dylib"; path = "usr/lib/libc++.dylib"; sourceTree = SDKROOT; };
		F3C0290218443ADB00FF08F1 /* Accelerate.framework */ = {isa = PBXFileReference; lastKnownFileType = wrapper.framework; name = Accelerate.framework; path = System/Library/Frameworks/Accelerate.framework; sourceTree = SDKROOT; };
		F3C0290318443ADB00FF08F1 /* AssetsLibrary.framework */ = {isa = PBXFileReference; lastKnownFileType = wrapper.framework; name = AssetsLibrary.framework; path = System/Library/Frameworks/AssetsLibrary.framework; sourceTree = SDKROOT; };
		F3C0290418443ADB00FF08F1 /* CoreImage.framework */ = {isa = PBXFileReference; lastKnownFileType = wrapper.framework; name = CoreImage.framework; path = System/Library/Frameworks/CoreImage.framework; sourceTree = SDKROOT; };
		F3C0290518443ADB00FF08F1 /* CoreMedia.framework */ = {isa = PBXFileReference; lastKnownFileType = wrapper.framework; name = CoreMedia.framework; path = System/Library/Frameworks/CoreMedia.framework; sourceTree = SDKROOT; };
		F3C0290618443ADB00FF08F1 /* QuartzCore.framework */ = {isa = PBXFileReference; lastKnownFileType = wrapper.framework; name = QuartzCore.framework; path = System/Library/Frameworks/QuartzCore.framework; sourceTree = SDKROOT; };
		F3C8566A18CBE08B00C9FE97 /* Images.xcassets */ = {isa = PBXFileReference; lastKnownFileType = folder.assetcatalog; path = Images.xcassets; sourceTree = "<group>"; };
		F3C8567E18CFDB5400C9FE97 /* PhotoCorners.h */ = {isa = PBXFileReference; fileEncoding = 4; lastKnownFileType = sourcecode.c.h; name = PhotoCorners.h; path = NewBlac/PhotoCorners.h; sourceTree = "<group>"; };
		F3C8567F18CFDB5400C9FE97 /* PhotoCorners.m */ = {isa = PBXFileReference; fileEncoding = 4; lastKnownFileType = sourcecode.c.objc; name = PhotoCorners.m; path = NewBlac/PhotoCorners.m; sourceTree = "<group>"; };
		F3C8568418CFDB5500C9FE97 /* Photo.h */ = {isa = PBXFileReference; fileEncoding = 4; lastKnownFileType = sourcecode.c.h; name = Photo.h; path = NewBlac/Photo.h; sourceTree = "<group>"; };
		F3C8568518CFDB5500C9FE97 /* Photo.m */ = {isa = PBXFileReference; fileEncoding = 4; lastKnownFileType = sourcecode.c.objc; name = Photo.m; path = NewBlac/Photo.m; sourceTree = "<group>"; };
		F3E5B61F18E64FA600C4B46E /* MagicalImportFunctions.h */ = {isa = PBXFileReference; fileEncoding = 4; lastKnownFileType = sourcecode.c.h; path = MagicalImportFunctions.h; sourceTree = "<group>"; };
		F3E5B62018E64FA600C4B46E /* MagicalImportFunctions.m */ = {isa = PBXFileReference; fileEncoding = 4; lastKnownFileType = sourcecode.c.objc; path = MagicalImportFunctions.m; sourceTree = "<group>"; };
		F3E5B62118E64FA600C4B46E /* NSAttributeDescription+MagicalDataImport.h */ = {isa = PBXFileReference; fileEncoding = 4; lastKnownFileType = sourcecode.c.h; path = "NSAttributeDescription+MagicalDataImport.h"; sourceTree = "<group>"; };
		F3E5B62218E64FA600C4B46E /* NSAttributeDescription+MagicalDataImport.m */ = {isa = PBXFileReference; fileEncoding = 4; lastKnownFileType = sourcecode.c.objc; path = "NSAttributeDescription+MagicalDataImport.m"; sourceTree = "<group>"; };
		F3E5B62318E64FA600C4B46E /* NSEntityDescription+MagicalDataImport.h */ = {isa = PBXFileReference; fileEncoding = 4; lastKnownFileType = sourcecode.c.h; path = "NSEntityDescription+MagicalDataImport.h"; sourceTree = "<group>"; };
		F3E5B62418E64FA600C4B46E /* NSEntityDescription+MagicalDataImport.m */ = {isa = PBXFileReference; fileEncoding = 4; lastKnownFileType = sourcecode.c.objc; path = "NSEntityDescription+MagicalDataImport.m"; sourceTree = "<group>"; };
		F3E5B62518E64FA600C4B46E /* NSNumber+MagicalDataImport.h */ = {isa = PBXFileReference; fileEncoding = 4; lastKnownFileType = sourcecode.c.h; path = "NSNumber+MagicalDataImport.h"; sourceTree = "<group>"; };
		F3E5B62618E64FA600C4B46E /* NSNumber+MagicalDataImport.m */ = {isa = PBXFileReference; fileEncoding = 4; lastKnownFileType = sourcecode.c.objc; path = "NSNumber+MagicalDataImport.m"; sourceTree = "<group>"; };
		F3E5B62718E64FA600C4B46E /* NSObject+MagicalDataImport.h */ = {isa = PBXFileReference; fileEncoding = 4; lastKnownFileType = sourcecode.c.h; path = "NSObject+MagicalDataImport.h"; sourceTree = "<group>"; };
		F3E5B62818E64FA600C4B46E /* NSObject+MagicalDataImport.m */ = {isa = PBXFileReference; fileEncoding = 4; lastKnownFileType = sourcecode.c.objc; path = "NSObject+MagicalDataImport.m"; sourceTree = "<group>"; };
		F3E5B62918E64FA600C4B46E /* NSRelationshipDescription+MagicalDataImport.h */ = {isa = PBXFileReference; fileEncoding = 4; lastKnownFileType = sourcecode.c.h; path = "NSRelationshipDescription+MagicalDataImport.h"; sourceTree = "<group>"; };
		F3E5B62A18E64FA600C4B46E /* NSRelationshipDescription+MagicalDataImport.m */ = {isa = PBXFileReference; fileEncoding = 4; lastKnownFileType = sourcecode.c.objc; path = "NSRelationshipDescription+MagicalDataImport.m"; sourceTree = "<group>"; };
		F3E5B62B18E64FA600C4B46E /* NSString+MagicalDataImport.h */ = {isa = PBXFileReference; fileEncoding = 4; lastKnownFileType = sourcecode.c.h; path = "NSString+MagicalDataImport.h"; sourceTree = "<group>"; };
		F3E5B62C18E64FA600C4B46E /* NSString+MagicalDataImport.m */ = {isa = PBXFileReference; fileEncoding = 4; lastKnownFileType = sourcecode.c.objc; path = "NSString+MagicalDataImport.m"; sourceTree = "<group>"; };
		F3E5B62E18E64FA600C4B46E /* NSManagedObject+MagicalAggregation.h */ = {isa = PBXFileReference; fileEncoding = 4; lastKnownFileType = sourcecode.c.h; path = "NSManagedObject+MagicalAggregation.h"; sourceTree = "<group>"; };
		F3E5B62F18E64FA600C4B46E /* NSManagedObject+MagicalAggregation.m */ = {isa = PBXFileReference; fileEncoding = 4; lastKnownFileType = sourcecode.c.objc; path = "NSManagedObject+MagicalAggregation.m"; sourceTree = "<group>"; };
		F3E5B63018E64FA600C4B46E /* NSManagedObject+MagicalDataImport.h */ = {isa = PBXFileReference; fileEncoding = 4; lastKnownFileType = sourcecode.c.h; path = "NSManagedObject+MagicalDataImport.h"; sourceTree = "<group>"; };
		F3E5B63118E64FA600C4B46E /* NSManagedObject+MagicalDataImport.m */ = {isa = PBXFileReference; fileEncoding = 4; lastKnownFileType = sourcecode.c.objc; path = "NSManagedObject+MagicalDataImport.m"; sourceTree = "<group>"; };
		F3E5B63218E64FA600C4B46E /* NSManagedObject+MagicalFinders.h */ = {isa = PBXFileReference; fileEncoding = 4; lastKnownFileType = sourcecode.c.h; path = "NSManagedObject+MagicalFinders.h"; sourceTree = "<group>"; };
		F3E5B63318E64FA600C4B46E /* NSManagedObject+MagicalFinders.m */ = {isa = PBXFileReference; fileEncoding = 4; lastKnownFileType = sourcecode.c.objc; path = "NSManagedObject+MagicalFinders.m"; sourceTree = "<group>"; };
		F3E5B63418E64FA600C4B46E /* NSManagedObject+MagicalRecord.h */ = {isa = PBXFileReference; fileEncoding = 4; lastKnownFileType = sourcecode.c.h; path = "NSManagedObject+MagicalRecord.h"; sourceTree = "<group>"; };
		F3E5B63518E64FA600C4B46E /* NSManagedObject+MagicalRecord.m */ = {isa = PBXFileReference; fileEncoding = 4; lastKnownFileType = sourcecode.c.objc; path = "NSManagedObject+MagicalRecord.m"; sourceTree = "<group>"; };
		F3E5B63618E64FA600C4B46E /* NSManagedObject+MagicalRequests.h */ = {isa = PBXFileReference; fileEncoding = 4; lastKnownFileType = sourcecode.c.h; path = "NSManagedObject+MagicalRequests.h"; sourceTree = "<group>"; };
		F3E5B63718E64FA600C4B46E /* NSManagedObject+MagicalRequests.m */ = {isa = PBXFileReference; fileEncoding = 4; lastKnownFileType = sourcecode.c.objc; path = "NSManagedObject+MagicalRequests.m"; sourceTree = "<group>"; };
		F3E5B63918E64FA600C4B46E /* NSManagedObjectContext+MagicalObserving.h */ = {isa = PBXFileReference; fileEncoding = 4; lastKnownFileType = sourcecode.c.h; path = "NSManagedObjectContext+MagicalObserving.h"; sourceTree = "<group>"; };
		F3E5B63A18E64FA600C4B46E /* NSManagedObjectContext+MagicalObserving.m */ = {isa = PBXFileReference; fileEncoding = 4; lastKnownFileType = sourcecode.c.objc; path = "NSManagedObjectContext+MagicalObserving.m"; sourceTree = "<group>"; };
		F3E5B63B18E64FA600C4B46E /* NSManagedObjectContext+MagicalRecord.h */ = {isa = PBXFileReference; fileEncoding = 4; lastKnownFileType = sourcecode.c.h; path = "NSManagedObjectContext+MagicalRecord.h"; sourceTree = "<group>"; };
		F3E5B63C18E64FA600C4B46E /* NSManagedObjectContext+MagicalRecord.m */ = {isa = PBXFileReference; fileEncoding = 4; lastKnownFileType = sourcecode.c.objc; path = "NSManagedObjectContext+MagicalRecord.m"; sourceTree = "<group>"; };
		F3E5B63D18E64FA600C4B46E /* NSManagedObjectContext+MagicalSaves.h */ = {isa = PBXFileReference; fileEncoding = 4; lastKnownFileType = sourcecode.c.h; path = "NSManagedObjectContext+MagicalSaves.h"; sourceTree = "<group>"; };
		F3E5B63E18E64FA600C4B46E /* NSManagedObjectContext+MagicalSaves.m */ = {isa = PBXFileReference; fileEncoding = 4; lastKnownFileType = sourcecode.c.objc; path = "NSManagedObjectContext+MagicalSaves.m"; sourceTree = "<group>"; };
		F3E5B63F18E64FA600C4B46E /* NSManagedObjectContext+MagicalThreading.h */ = {isa = PBXFileReference; fileEncoding = 4; lastKnownFileType = sourcecode.c.h; path = "NSManagedObjectContext+MagicalThreading.h"; sourceTree = "<group>"; };
		F3E5B64018E64FA600C4B46E /* NSManagedObjectContext+MagicalThreading.m */ = {isa = PBXFileReference; fileEncoding = 4; lastKnownFileType = sourcecode.c.objc; path = "NSManagedObjectContext+MagicalThreading.m"; sourceTree = "<group>"; };
		F3E5B64118E64FA600C4B46E /* NSManagedObjectModel+MagicalRecord.h */ = {isa = PBXFileReference; fileEncoding = 4; lastKnownFileType = sourcecode.c.h; path = "NSManagedObjectModel+MagicalRecord.h"; sourceTree = "<group>"; };
		F3E5B64218E64FA600C4B46E /* NSManagedObjectModel+MagicalRecord.m */ = {isa = PBXFileReference; fileEncoding = 4; lastKnownFileType = sourcecode.c.objc; path = "NSManagedObjectModel+MagicalRecord.m"; sourceTree = "<group>"; };
		F3E5B64318E64FA600C4B46E /* NSPersistentStore+MagicalRecord.h */ = {isa = PBXFileReference; fileEncoding = 4; lastKnownFileType = sourcecode.c.h; path = "NSPersistentStore+MagicalRecord.h"; sourceTree = "<group>"; };
		F3E5B64418E64FA600C4B46E /* NSPersistentStore+MagicalRecord.m */ = {isa = PBXFileReference; fileEncoding = 4; lastKnownFileType = sourcecode.c.objc; path = "NSPersistentStore+MagicalRecord.m"; sourceTree = "<group>"; };
		F3E5B64518E64FA600C4B46E /* NSPersistentStoreCoordinator+MagicalRecord.h */ = {isa = PBXFileReference; fileEncoding = 4; lastKnownFileType = sourcecode.c.h; path = "NSPersistentStoreCoordinator+MagicalRecord.h"; sourceTree = "<group>"; };
		F3E5B64618E64FA600C4B46E /* NSPersistentStoreCoordinator+MagicalRecord.m */ = {isa = PBXFileReference; fileEncoding = 4; lastKnownFileType = sourcecode.c.objc; path = "NSPersistentStoreCoordinator+MagicalRecord.m"; sourceTree = "<group>"; };
		F3E5B64818E64FA600C4B46E /* MagicalRecord+Actions.h */ = {isa = PBXFileReference; fileEncoding = 4; lastKnownFileType = sourcecode.c.h; path = "MagicalRecord+Actions.h"; sourceTree = "<group>"; };
		F3E5B64918E64FA600C4B46E /* MagicalRecord+Actions.m */ = {isa = PBXFileReference; fileEncoding = 4; lastKnownFileType = sourcecode.c.objc; path = "MagicalRecord+Actions.m"; sourceTree = "<group>"; };
		F3E5B64A18E64FA600C4B46E /* MagicalRecord+ErrorHandling.h */ = {isa = PBXFileReference; fileEncoding = 4; lastKnownFileType = sourcecode.c.h; path = "MagicalRecord+ErrorHandling.h"; sourceTree = "<group>"; };
		F3E5B64B18E64FA600C4B46E /* MagicalRecord+ErrorHandling.m */ = {isa = PBXFileReference; fileEncoding = 4; lastKnownFileType = sourcecode.c.objc; path = "MagicalRecord+ErrorHandling.m"; sourceTree = "<group>"; };
		F3E5B64C18E64FA600C4B46E /* MagicalRecord+iCloud.h */ = {isa = PBXFileReference; fileEncoding = 4; lastKnownFileType = sourcecode.c.h; path = "MagicalRecord+iCloud.h"; sourceTree = "<group>"; };
		F3E5B64D18E64FA600C4B46E /* MagicalRecord+iCloud.m */ = {isa = PBXFileReference; fileEncoding = 4; lastKnownFileType = sourcecode.c.objc; path = "MagicalRecord+iCloud.m"; sourceTree = "<group>"; };
		F3E5B64E18E64FA600C4B46E /* MagicalRecord+Options.h */ = {isa = PBXFileReference; fileEncoding = 4; lastKnownFileType = sourcecode.c.h; path = "MagicalRecord+Options.h"; sourceTree = "<group>"; };
		F3E5B64F18E64FA600C4B46E /* MagicalRecord+Options.m */ = {isa = PBXFileReference; fileEncoding = 4; lastKnownFileType = sourcecode.c.objc; path = "MagicalRecord+Options.m"; sourceTree = "<group>"; };
		F3E5B65018E64FA600C4B46E /* MagicalRecord+Setup.h */ = {isa = PBXFileReference; fileEncoding = 4; lastKnownFileType = sourcecode.c.h; path = "MagicalRecord+Setup.h"; sourceTree = "<group>"; };
		F3E5B65118E64FA600C4B46E /* MagicalRecord+Setup.m */ = {isa = PBXFileReference; fileEncoding = 4; lastKnownFileType = sourcecode.c.objc; path = "MagicalRecord+Setup.m"; sourceTree = "<group>"; };
		F3E5B65218E64FA600C4B46E /* MagicalRecord+ShorthandSupport.h */ = {isa = PBXFileReference; fileEncoding = 4; lastKnownFileType = sourcecode.c.h; path = "MagicalRecord+ShorthandSupport.h"; sourceTree = "<group>"; };
		F3E5B65318E64FA600C4B46E /* MagicalRecord+ShorthandSupport.m */ = {isa = PBXFileReference; fileEncoding = 4; lastKnownFileType = sourcecode.c.objc; path = "MagicalRecord+ShorthandSupport.m"; sourceTree = "<group>"; };
		F3E5B65418E64FA600C4B46E /* MagicalRecord.h */ = {isa = PBXFileReference; fileEncoding = 4; lastKnownFileType = sourcecode.c.h; path = MagicalRecord.h; sourceTree = "<group>"; };
		F3E5B65518E64FA600C4B46E /* MagicalRecord.m */ = {isa = PBXFileReference; fileEncoding = 4; lastKnownFileType = sourcecode.c.objc; path = MagicalRecord.m; sourceTree = "<group>"; };
		F3E5B65618E64FA600C4B46E /* MagicalRecordShorthand.h */ = {isa = PBXFileReference; fileEncoding = 4; lastKnownFileType = sourcecode.c.h; path = MagicalRecordShorthand.h; sourceTree = "<group>"; };
		F3E5B65718E64FA600C4B46E /* CoreData+MagicalRecord.h */ = {isa = PBXFileReference; fileEncoding = 4; lastKnownFileType = sourcecode.c.h; path = "CoreData+MagicalRecord.h"; sourceTree = "<group>"; };
		F3E5B65818E64FA600C4B46E /* MagicalRecordVersion.h */ = {isa = PBXFileReference; fileEncoding = 4; lastKnownFileType = sourcecode.c.h; path = MagicalRecordVersion.h; sourceTree = "<group>"; };
		F3EE445018E22FBC00D21386 /* ko-KR */ = {isa = PBXFileReference; lastKnownFileType = text.plist.strings; name = "ko-KR"; path = "ko-KR.lproj/InfoPlist.strings"; sourceTree = "<group>"; };
		F3EE445318E2305400D21386 /* ko-KR */ = {isa = PBXFileReference; lastKnownFileType = text.plist.strings; name = "ko-KR"; path = InfoPlist.strings; sourceTree = "<group>"; };
		F3EE445518E2305400D21386 /* ko-KR */ = {isa = PBXFileReference; lastKnownFileType = text.plist.strings; name = "ko-KR"; path = Localizable.strings; sourceTree = "<group>"; };
		F3EE445A18E2309200D21386 /* en */ = {isa = PBXFileReference; lastKnownFileType = text.plist.strings; name = en; path = InfoPlist.strings; sourceTree = "<group>"; };
		F3EE445C18E2309200D21386 /* en */ = {isa = PBXFileReference; lastKnownFileType = text.plist.strings; name = en; path = Localizable.strings; sourceTree = "<group>"; };
		F3EE446118E389A600D21386 /* VideoCreatorTest.m */ = {isa = PBXFileReference; fileEncoding = 4; lastKnownFileType = sourcecode.c.objc; path = VideoCreatorTest.m; sourceTree = "<group>"; };
		F3EE446418E40A7100D21386 /* Strings.h */ = {isa = PBXFileReference; fileEncoding = 4; lastKnownFileType = sourcecode.c.h; path = Strings.h; sourceTree = "<group>"; };
		F3EE446518E4B8D100D21386 /* TextEditingView.h */ = {isa = PBXFileReference; fileEncoding = 4; lastKnownFileType = sourcecode.c.h; path = TextEditingView.h; sourceTree = "<group>"; };
		F3EE446618E4B8D100D21386 /* TextEditingView.m */ = {isa = PBXFileReference; fileEncoding = 4; lastKnownFileType = sourcecode.c.objc; path = TextEditingView.m; sourceTree = "<group>"; };
		F3FEBEEF187CCB55000C1181 /* CornerDetectionView.h */ = {isa = PBXFileReference; fileEncoding = 4; lastKnownFileType = sourcecode.c.h; path = CornerDetectionView.h; sourceTree = "<group>"; };
		F3FEBEF0187CCB55000C1181 /* CornerDetectionView.m */ = {isa = PBXFileReference; fileEncoding = 4; lastKnownFileType = sourcecode.c.objc; path = CornerDetectionView.m; sourceTree = "<group>"; };
		F3FEBF04187FA955000C1181 /* UIImage+ResizeImage.h */ = {isa = PBXFileReference; fileEncoding = 4; lastKnownFileType = sourcecode.c.h; path = "UIImage+ResizeImage.h"; sourceTree = "<group>"; };
		F3FEBF05187FA955000C1181 /* UIImage+ResizeImage.m */ = {isa = PBXFileReference; fileEncoding = 4; lastKnownFileType = sourcecode.c.objc; path = "UIImage+ResizeImage.m"; sourceTree = "<group>"; };
		F3FEBF0718809D85000C1181 /* CornerCircle.h */ = {isa = PBXFileReference; fileEncoding = 4; lastKnownFileType = sourcecode.c.h; path = CornerCircle.h; sourceTree = "<group>"; };
		F3FEBF0818809D85000C1181 /* CornerCircle.m */ = {isa = PBXFileReference; fileEncoding = 4; lastKnownFileType = sourcecode.c.objc; path = CornerCircle.m; sourceTree = "<group>"; };
/* End PBXFileReference section */

/* Begin PBXFrameworksBuildPhase section */
		F3C028A31843F5BD00FF08F1 /* Frameworks */ = {
			isa = PBXFrameworksBuildPhase;
			buildActionMask = 2147483647;
			files = (
				F32E2EDD18D1ACC800D5A556 /* SystemConfiguration.framework in Frameworks */,
				F32E2ED918D1ACB700D5A556 /* Security.framework in Frameworks */,
				F3C0290B18443ADB00FF08F1 /* QuartzCore.framework in Frameworks */,
				F32E2F6518DD2D8400D5A556 /* Crashlytics.framework in Frameworks */,
				F3C028FB184429E100FF08F1 /* MobileCoreServices.framework in Frameworks */,
				F32E2ED718D1AC9B00D5A556 /* libz.dylib in Frameworks */,
				F32E2ED518D1AC9000D5A556 /* CoreLocation.framework in Frameworks */,
				F32E2ED318D1AC7A00D5A556 /* CFNetwork.framework in Frameworks */,
				F32E2ED118D1AC6E00D5A556 /* AudioToolbox.framework in Frameworks */,
				F3AAD68918C2A8A400B5A23B /* MediaPlayer.framework in Frameworks */,
				F33EA9361878CF010045E642 /* CoreData.framework in Frameworks */,
				F32E2EDF18D1B97E00D5A556 /* FacebookSDK.framework in Frameworks */,
				F3C0290818443ADB00FF08F1 /* AssetsLibrary.framework in Frameworks */,
				F32E2ECF18D1AC3600D5A556 /* Parse.framework in Frameworks */,
				F3C0290918443ADB00FF08F1 /* CoreImage.framework in Frameworks */,
				F3C0290A18443ADB00FF08F1 /* CoreMedia.framework in Frameworks */,
				F3C028FD18442A0300FF08F1 /* libc++.dylib in Frameworks */,
				F3C028F9184429D800FF08F1 /* AVFoundation.framework in Frameworks */,
				F3C028DF1843F5DB00FF08F1 /* opencv2.framework in Frameworks */,
				F3C028AC1843F5BD00FF08F1 /* CoreGraphics.framework in Frameworks */,
				F3C028AE1843F5BD00FF08F1 /* UIKit.framework in Frameworks */,
				F3C028AA1843F5BD00FF08F1 /* Foundation.framework in Frameworks */,
			);
			runOnlyForDeploymentPostprocessing = 0;
		};
		F3C028C41843F5BD00FF08F1 /* Frameworks */ = {
			isa = PBXFrameworksBuildPhase;
			buildActionMask = 2147483647;
			files = (
				F3C028C91843F5BD00FF08F1 /* XCTest.framework in Frameworks */,
				F3C028CB1843F5BD00FF08F1 /* UIKit.framework in Frameworks */,
				F3C028CA1843F5BD00FF08F1 /* Foundation.framework in Frameworks */,
				F323C76418EA2F6F00EB63E3 /* OCHamcrestIOS.framework in Frameworks */,
				F323C76618EA2FA400EB63E3 /* OCMockitoIOS.framework in Frameworks */,
			);
			runOnlyForDeploymentPostprocessing = 0;
		};
/* End PBXFrameworksBuildPhase section */

/* Begin PBXGroup section */
		F32E2F6F18DE7FC900D5A556 /* Supporting Files */ = {
			isa = PBXGroup;
			children = (
				F3C028D01843F5BD00FF08F1 /* NewBlacTests-Info.plist */,
				F3C028D11843F5BD00FF08F1 /* InfoPlist.strings */,
			);
			name = "Supporting Files";
			path = NewBlacTests;
			sourceTree = SOURCE_ROOT;
		};
		F33BE995189309FB0021A5C1 /* View */ = {
			isa = PBXGroup;
			children = (
				F3EE446518E4B8D100D21386 /* TextEditingView.h */,
				F3EE446618E4B8D100D21386 /* TextEditingView.m */,
				F3A494F8188DEF4E00CBAE82 /* VideoPlayView.h */,
				F3A494F9188DEF4E00CBAE82 /* VideoPlayView.m */,
				F3A37DBD18947425003B530C /* CollectionViewLayout.h */,
				F3A37DBE18947425003B530C /* CollectionViewLayout.m */,
				F33BE9921892F70A0021A5C1 /* PiecesCollectionCell.h */,
				F33BE9931892F70A0021A5C1 /* PiecesCollectionCell.m */,
				F3FEBEEF187CCB55000C1181 /* CornerDetectionView.h */,
				F3FEBEF0187CCB55000C1181 /* CornerDetectionView.m */,
				F33EA916187612140045E642 /* StillImagePreview.h */,
				F33EA917187612140045E642 /* StillImagePreview.m */,
			);
			name = View;
			sourceTree = "<group>";
		};
		F33BE99618930A470021A5C1 /* Controller */ = {
			isa = PBXGroup;
			children = (
				F3AF498A18B448B4006249BF /* PiecesNavigationController.h */,
				F3AF498B18B448B4006249BF /* PiecesNavigationController.m */,
				F32E2EE318D298F400D5A556 /* LogInViewController.h */,
				F32E2EE418D298F400D5A556 /* LogInViewController.m */,
				F33BE98F1892F4E90021A5C1 /* VideosCollectionViewController.h */,
				F33BE9901892F4E90021A5C1 /* VideosCollectionViewController.m */,
				F3C028BE1843F5BD00FF08F1 /* FramesCollectionViewController.h */,
				F3C028BF1843F5BD00FF08F1 /* FramesCollectionViewController.m */,
				F33EA91318760DB50045E642 /* TakeImageViewController.h */,
				F33EA91418760DB50045E642 /* TakeImageViewController.m */,
				F33EA991187BA1380045E642 /* EditImageViewController.h */,
				F33EA992187BA1380045E642 /* EditImageViewController.m */,
				F3AAD68D18C2ABFB00B5A23B /* FullScreenMovieViewController.h */,
				F3AAD68E18C2ABFB00B5A23B /* FullScreenMovieViewController.m */,
				F32E2F4E18D90C5400D5A556 /* ShareSocialViewController.h */,
				F32E2F4F18D90C5400D5A556 /* ShareSocialViewController.m */,
			);
			name = Controller;
			sourceTree = "<group>";
		};
		F33EA9221877A51D0045E642 /* Core Data */ = {
			isa = PBXGroup;
			children = (
				F33EA91F1877A4FC0045E642 /* ArtProgressCoreData.xcdatamodeld */,
				F32E2F5D18DB994200D5A556 /* Video.h */,
				F32E2F5E18DB994200D5A556 /* Video.m */,
				F3C8567E18CFDB5400C9FE97 /* PhotoCorners.h */,
				F3C8567F18CFDB5400C9FE97 /* PhotoCorners.m */,
				F3C8568418CFDB5500C9FE97 /* Photo.h */,
				F3C8568518CFDB5500C9FE97 /* Photo.m */,
				F3A495041891D18E00CBAE82 /* CoreDataCollectionViewController.h */,
				F3A495051891D18E00CBAE82 /* CoreDataCollectionViewController.m */,
				F3A494DD1888A9C700CBAE82 /* Video+LifeCycle.h */,
				F3A494DE1888A9C700CBAE82 /* Video+LifeCycle.m */,
				F33EA985187B5BE40045E642 /* PhotoCorners+LifeCycle.h */,
				F33EA986187B5BE40045E642 /* PhotoCorners+LifeCycle.m */,
				F33EA961187A31D50045E642 /* Photo+LifeCycle.h */,
				F33EA962187A31D50045E642 /* Photo+LifeCycle.m */,
			);
			name = "Core Data";
			path = ..;
			sourceTree = "<group>";
		};
		F3AAD67B18C072F600B5A23B /* Deleted Files */ = {
			isa = PBXGroup;
			children = (
				F33EA967187A3BA60045E642 /* TroubleshootManagedDocument.h */,
				F33EA968187A3BA60045E642 /* TroubleshootManagedDocument.m */,
				F33EA964187A3B860045E642 /* SharedManagedDocument.h */,
				F33EA965187A3B860045E642 /* SharedManagedDocument.m */,
				F330D95218972C7B009265EC /* InitialViewController.h */,
				F330D95318972C7B009265EC /* InitialViewController.m */,
				F33EA919187641E90045E642 /* ViewImageViewController.h */,
				F33EA91A187641E90045E642 /* ViewImageViewController.m */,
				F3AAD68518C15ACE00B5A23B /* VideoPlayViewController.h */,
				F3AAD68618C15ACE00B5A23B /* VideoPlayViewController.m */,
			);
			name = "Deleted Files";
			sourceTree = "<group>";
		};
		F3B0ECCD1857A5F200143044 /* Storyboards */ = {
			isa = PBXGroup;
			children = (
				F3C028BB1843F5BD00FF08F1 /* Main.storyboard */,
			);
			name = Storyboards;
			sourceTree = "<group>";
		};
		F3B0ECCE1857A60300143044 /* C++ Classes */ = {
			isa = PBXGroup;
			children = (
				F3B0ECCB1857A5AF00143044 /* CanvasStraightener.hpp */,
				F3B0ECCA1857A5AF00143044 /* CanvasStraightener.cpp */,
			);
			name = "C++ Classes";
			sourceTree = "<group>";
		};
		F3B0ECD51857B93C00143044 /* Models */ = {
			isa = PBXGroup;
			children = (
				F3656E6E18BAF0440008B694 /* MotionVideoPlayer.h */,
				F3656E6F18BAF0440008B694 /* MotionVideoPlayer.m */,
				F3B0ECD21857B93100143044 /* Canvas.h */,
				F3B0ECD31857B93100143044 /* Canvas.mm */,
				F3FEBF0718809D85000C1181 /* CornerCircle.h */,
				F3FEBF0818809D85000C1181 /* CornerCircle.m */,
				F3A494F5188B2ED300CBAE82 /* VideoCreator.h */,
				F3A494F6188B2ED300CBAE82 /* VideoCreator.m */,
				F32E2F5418DA800700D5A556 /* ParseSyncer.h */,
				F32E2F5518DA800700D5A556 /* ParseSyncer.m */,
			);
			name = Models;
			sourceTree = "<group>";
		};
		F3C0289D1843F5BD00FF08F1 = {
			isa = PBXGroup;
			children = (
				F3C028AF1843F5BD00FF08F1 /* NewBlac */,
				F3C028CE1843F5BD00FF08F1 /* NewBlacTests */,
				F3C028A81843F5BD00FF08F1 /* Frameworks */,
				F3C028A71843F5BD00FF08F1 /* Products */,
			);
			sourceTree = "<group>";
		};
		F3C028A71843F5BD00FF08F1 /* Products */ = {
			isa = PBXGroup;
			children = (
				F3C028A61843F5BD00FF08F1 /* NewBlac.app */,
				F3C028C71843F5BD00FF08F1 /* NewBlacTests.xctest */,
			);
			name = Products;
			sourceTree = "<group>";
		};
		F3C028A81843F5BD00FF08F1 /* Frameworks */ = {
			isa = PBXGroup;
			children = (
				F323C76518EA2FA400EB63E3 /* OCMockitoIOS.framework */,
				F323C76318EA2F6F00EB63E3 /* OCHamcrestIOS.framework */,
				F32E2F6418DD2D8400D5A556 /* Crashlytics.framework */,
				F32E2EDE18D1B97E00D5A556 /* FacebookSDK.framework */,
				F32E2EDC18D1ACC800D5A556 /* SystemConfiguration.framework */,
				F32E2ED818D1ACB700D5A556 /* Security.framework */,
				F32E2ED618D1AC9B00D5A556 /* libz.dylib */,
				F32E2ED418D1AC9000D5A556 /* CoreLocation.framework */,
				F32E2ED218D1AC7A00D5A556 /* CFNetwork.framework */,
				F32E2ED018D1AC6E00D5A556 /* AudioToolbox.framework */,
				F32E2ECE18D1AC3600D5A556 /* Parse.framework */,
				F3AAD68818C2A8A400B5A23B /* MediaPlayer.framework */,
				F33EA9351878CF010045E642 /* CoreData.framework */,
				F3C0290218443ADB00FF08F1 /* Accelerate.framework */,
				F3C0290318443ADB00FF08F1 /* AssetsLibrary.framework */,
				F3C0290418443ADB00FF08F1 /* CoreImage.framework */,
				F3C0290518443ADB00FF08F1 /* CoreMedia.framework */,
				F3C0290618443ADB00FF08F1 /* QuartzCore.framework */,
				F3C028FC18442A0300FF08F1 /* libc++.dylib */,
				F3C028FA184429E100FF08F1 /* MobileCoreServices.framework */,
				F3C028F8184429D800FF08F1 /* AVFoundation.framework */,
				F3C028DE1843F5DB00FF08F1 /* opencv2.framework */,
				F3C028A91843F5BD00FF08F1 /* Foundation.framework */,
				F3C028AB1843F5BD00FF08F1 /* CoreGraphics.framework */,
				F3C028AD1843F5BD00FF08F1 /* UIKit.framework */,
				F3C028C81843F5BD00FF08F1 /* XCTest.framework */,
			);
			name = Frameworks;
			sourceTree = "<group>";
		};
		F3C028AF1843F5BD00FF08F1 /* NewBlac */ = {
			isa = PBXGroup;
			children = (
				F33BE99618930A470021A5C1 /* Controller */,
				F33BE995189309FB0021A5C1 /* View */,
				F3B0ECD51857B93C00143044 /* Models */,
				F3B0ECCD1857A5F200143044 /* Storyboards */,
				F3B0ECCE1857A60300143044 /* C++ Classes */,
				F33EA9221877A51D0045E642 /* Core Data */,
				F3E5B61C18E64FA600C4B46E /* MagicalRecord */,
				F3C028B01843F5BD00FF08F1 /* Supporting Files */,
				F3AAD67B18C072F600B5A23B /* Deleted Files */,
			);
			path = NewBlac;
			sourceTree = "<group>";
		};
		F3C028B01843F5BD00FF08F1 /* Supporting Files */ = {
			isa = PBXGroup;
			children = (
				F3C8566A18CBE08B00C9FE97 /* Images.xcassets */,
				F3EE446418E40A7100D21386 /* Strings.h */,
				F3C028B81843F5BD00FF08F1 /* newBlacAppDelegate.h */,
				F3C028B91843F5BD00FF08F1 /* newBlacAppDelegate.m */,
				F3FEBF04187FA955000C1181 /* UIImage+ResizeImage.h */,
				F3FEBF05187FA955000C1181 /* UIImage+ResizeImage.m */,
				F3C028B11843F5BD00FF08F1 /* NewBlac-Info.plist */,
				F3C028B51843F5BD00FF08F1 /* main.mm */,
				F3C028B71843F5BD00FF08F1 /* NewBlac-Prefix.pch */,
				F3EE445818E2309200D21386 /* en.lproj */,
				F3EE445118E2305400D21386 /* ko-KR.lproj */,
			);
			name = "Supporting Files";
			sourceTree = "<group>";
		};
		F3C028CE1843F5BD00FF08F1 /* NewBlacTests */ = {
			isa = PBXGroup;
			children = (
				F3EE446118E389A600D21386 /* VideoCreatorTest.m */,
				F32E2F6F18DE7FC900D5A556 /* Supporting Files */,
			);
			path = NewBlacTests;
			sourceTree = "<group>";
		};
		F3E5B61C18E64FA600C4B46E /* MagicalRecord */ = {
			isa = PBXGroup;
			children = (
				F3E5B61D18E64FA600C4B46E /* Categories */,
				F3E5B64718E64FA600C4B46E /* Core */,
				F3E5B65718E64FA600C4B46E /* CoreData+MagicalRecord.h */,
				F3E5B65818E64FA600C4B46E /* MagicalRecordVersion.h */,
			);
			path = MagicalRecord;
			sourceTree = "<group>";
		};
		F3E5B61D18E64FA600C4B46E /* Categories */ = {
			isa = PBXGroup;
			children = (
				F3E5B61E18E64FA600C4B46E /* DataImport */,
				F3E5B62D18E64FA600C4B46E /* NSManagedObject */,
				F3E5B63818E64FA600C4B46E /* NSManagedObjectContext */,
				F3E5B64118E64FA600C4B46E /* NSManagedObjectModel+MagicalRecord.h */,
				F3E5B64218E64FA600C4B46E /* NSManagedObjectModel+MagicalRecord.m */,
				F3E5B64318E64FA600C4B46E /* NSPersistentStore+MagicalRecord.h */,
				F3E5B64418E64FA600C4B46E /* NSPersistentStore+MagicalRecord.m */,
				F3E5B64518E64FA600C4B46E /* NSPersistentStoreCoordinator+MagicalRecord.h */,
				F3E5B64618E64FA600C4B46E /* NSPersistentStoreCoordinator+MagicalRecord.m */,
			);
			path = Categories;
			sourceTree = "<group>";
		};
		F3E5B61E18E64FA600C4B46E /* DataImport */ = {
			isa = PBXGroup;
			children = (
				F3E5B61F18E64FA600C4B46E /* MagicalImportFunctions.h */,
				F3E5B62018E64FA600C4B46E /* MagicalImportFunctions.m */,
				F3E5B62118E64FA600C4B46E /* NSAttributeDescription+MagicalDataImport.h */,
				F3E5B62218E64FA600C4B46E /* NSAttributeDescription+MagicalDataImport.m */,
				F3E5B62318E64FA600C4B46E /* NSEntityDescription+MagicalDataImport.h */,
				F3E5B62418E64FA600C4B46E /* NSEntityDescription+MagicalDataImport.m */,
				F3E5B62518E64FA600C4B46E /* NSNumber+MagicalDataImport.h */,
				F3E5B62618E64FA600C4B46E /* NSNumber+MagicalDataImport.m */,
				F3E5B62718E64FA600C4B46E /* NSObject+MagicalDataImport.h */,
				F3E5B62818E64FA600C4B46E /* NSObject+MagicalDataImport.m */,
				F3E5B62918E64FA600C4B46E /* NSRelationshipDescription+MagicalDataImport.h */,
				F3E5B62A18E64FA600C4B46E /* NSRelationshipDescription+MagicalDataImport.m */,
				F3E5B62B18E64FA600C4B46E /* NSString+MagicalDataImport.h */,
				F3E5B62C18E64FA600C4B46E /* NSString+MagicalDataImport.m */,
			);
			path = DataImport;
			sourceTree = "<group>";
		};
		F3E5B62D18E64FA600C4B46E /* NSManagedObject */ = {
			isa = PBXGroup;
			children = (
				F3E5B62E18E64FA600C4B46E /* NSManagedObject+MagicalAggregation.h */,
				F3E5B62F18E64FA600C4B46E /* NSManagedObject+MagicalAggregation.m */,
				F3E5B63018E64FA600C4B46E /* NSManagedObject+MagicalDataImport.h */,
				F3E5B63118E64FA600C4B46E /* NSManagedObject+MagicalDataImport.m */,
				F3E5B63218E64FA600C4B46E /* NSManagedObject+MagicalFinders.h */,
				F3E5B63318E64FA600C4B46E /* NSManagedObject+MagicalFinders.m */,
				F3E5B63418E64FA600C4B46E /* NSManagedObject+MagicalRecord.h */,
				F3E5B63518E64FA600C4B46E /* NSManagedObject+MagicalRecord.m */,
				F3E5B63618E64FA600C4B46E /* NSManagedObject+MagicalRequests.h */,
				F3E5B63718E64FA600C4B46E /* NSManagedObject+MagicalRequests.m */,
			);
			path = NSManagedObject;
			sourceTree = "<group>";
		};
		F3E5B63818E64FA600C4B46E /* NSManagedObjectContext */ = {
			isa = PBXGroup;
			children = (
				F3E5B63918E64FA600C4B46E /* NSManagedObjectContext+MagicalObserving.h */,
				F3E5B63A18E64FA600C4B46E /* NSManagedObjectContext+MagicalObserving.m */,
				F3E5B63B18E64FA600C4B46E /* NSManagedObjectContext+MagicalRecord.h */,
				F3E5B63C18E64FA600C4B46E /* NSManagedObjectContext+MagicalRecord.m */,
				F3E5B63D18E64FA600C4B46E /* NSManagedObjectContext+MagicalSaves.h */,
				F3E5B63E18E64FA600C4B46E /* NSManagedObjectContext+MagicalSaves.m */,
				F3E5B63F18E64FA600C4B46E /* NSManagedObjectContext+MagicalThreading.h */,
				F3E5B64018E64FA600C4B46E /* NSManagedObjectContext+MagicalThreading.m */,
			);
			path = NSManagedObjectContext;
			sourceTree = "<group>";
		};
		F3E5B64718E64FA600C4B46E /* Core */ = {
			isa = PBXGroup;
			children = (
				F3E5B64818E64FA600C4B46E /* MagicalRecord+Actions.h */,
				F3E5B64918E64FA600C4B46E /* MagicalRecord+Actions.m */,
				F3E5B64A18E64FA600C4B46E /* MagicalRecord+ErrorHandling.h */,
				F3E5B64B18E64FA600C4B46E /* MagicalRecord+ErrorHandling.m */,
				F3E5B64C18E64FA600C4B46E /* MagicalRecord+iCloud.h */,
				F3E5B64D18E64FA600C4B46E /* MagicalRecord+iCloud.m */,
				F3E5B64E18E64FA600C4B46E /* MagicalRecord+Options.h */,
				F3E5B64F18E64FA600C4B46E /* MagicalRecord+Options.m */,
				F3E5B65018E64FA600C4B46E /* MagicalRecord+Setup.h */,
				F3E5B65118E64FA600C4B46E /* MagicalRecord+Setup.m */,
				F3E5B65218E64FA600C4B46E /* MagicalRecord+ShorthandSupport.h */,
				F3E5B65318E64FA600C4B46E /* MagicalRecord+ShorthandSupport.m */,
				F3E5B65418E64FA600C4B46E /* MagicalRecord.h */,
				F3E5B65518E64FA600C4B46E /* MagicalRecord.m */,
				F3E5B65618E64FA600C4B46E /* MagicalRecordShorthand.h */,
			);
			path = Core;
			sourceTree = "<group>";
		};
		F3EE445118E2305400D21386 /* ko-KR.lproj */ = {
			isa = PBXGroup;
			children = (
				F3EE445218E2305400D21386 /* InfoPlist.strings */,
				F3EE445418E2305400D21386 /* Localizable.strings */,
			);
			path = "ko-KR.lproj";
			sourceTree = "<group>";
		};
		F3EE445818E2309200D21386 /* en.lproj */ = {
			isa = PBXGroup;
			children = (
				F3EE445918E2309200D21386 /* InfoPlist.strings */,
				F3EE445B18E2309200D21386 /* Localizable.strings */,
			);
			path = en.lproj;
			sourceTree = "<group>";
		};
/* End PBXGroup section */

/* Begin PBXNativeTarget section */
		F3C028A51843F5BD00FF08F1 /* NewBlac */ = {
			isa = PBXNativeTarget;
			buildConfigurationList = F3C028D81843F5BD00FF08F1 /* Build configuration list for PBXNativeTarget "NewBlac" */;
			buildPhases = (
				F3C028A21843F5BD00FF08F1 /* Sources */,
				F3C028A31843F5BD00FF08F1 /* Frameworks */,
				F3C028A41843F5BD00FF08F1 /* Resources */,
				F32E2F6318DD2D1800D5A556 /* ShellScript */,
			);
			buildRules = (
			);
			dependencies = (
			);
			name = NewBlac;
			productName = NewBlac;
			productReference = F3C028A61843F5BD00FF08F1 /* NewBlac.app */;
			productType = "com.apple.product-type.application";
		};
		F3C028C61843F5BD00FF08F1 /* NewBlacTests */ = {
			isa = PBXNativeTarget;
			buildConfigurationList = F3C028DB1843F5BD00FF08F1 /* Build configuration list for PBXNativeTarget "NewBlacTests" */;
			buildPhases = (
				F3C028C31843F5BD00FF08F1 /* Sources */,
				F3C028C41843F5BD00FF08F1 /* Frameworks */,
				F3C028C51843F5BD00FF08F1 /* Resources */,
			);
			buildRules = (
			);
			dependencies = (
				F3C028CD1843F5BD00FF08F1 /* PBXTargetDependency */,
			);
			name = NewBlacTests;
			productName = NewBlacTests;
			productReference = F3C028C71843F5BD00FF08F1 /* NewBlacTests.xctest */;
			productType = "com.apple.product-type.bundle.unit-test";
		};
/* End PBXNativeTarget section */

/* Begin PBXProject section */
		F3C0289E1843F5BD00FF08F1 /* Project object */ = {
			isa = PBXProject;
			attributes = {
				CLASSPREFIX = newBlac;
				LastUpgradeCheck = 0510;
				ORGANIZATIONNAME = "Ahryun Moon";
				TargetAttributes = {
					F3C028A51843F5BD00FF08F1 = {
						DevelopmentTeam = 66XP53YSKL;
						SystemCapabilities = {
							com.apple.BackgroundModes = {
								enabled = 1;
							};
							com.apple.DataProtection = {
								enabled = 0;
							};
							com.apple.InAppPurchase = {
								enabled = 0;
							};
						};
					};
					F3C028C61843F5BD00FF08F1 = {
						TestTargetID = F3C028A51843F5BD00FF08F1;
					};
				};
			};
			buildConfigurationList = F3C028A11843F5BD00FF08F1 /* Build configuration list for PBXProject "NewBlac" */;
			compatibilityVersion = "Xcode 3.2";
			developmentRegion = English;
			hasScannedForEncodings = 0;
			knownRegions = (
				en,
				Base,
				fr,
				kr,
				ko,
				"ko-KR",
			);
			mainGroup = F3C0289D1843F5BD00FF08F1;
			productRefGroup = F3C028A71843F5BD00FF08F1 /* Products */;
			projectDirPath = "";
			projectRoot = "";
			targets = (
				F3C028A51843F5BD00FF08F1 /* NewBlac */,
				F3C028C61843F5BD00FF08F1 /* NewBlacTests */,
			);
		};
/* End PBXProject section */

/* Begin PBXResourcesBuildPhase section */
		F3C028A41843F5BD00FF08F1 /* Resources */ = {
			isa = PBXResourcesBuildPhase;
			buildActionMask = 2147483647;
			files = (
				F3EE445718E2305400D21386 /* Localizable.strings in Resources */,
				F3EE445E18E2309200D21386 /* Localizable.strings in Resources */,
				F3C8566B18CBE08B00C9FE97 /* Images.xcassets in Resources */,
				F3EE445618E2305400D21386 /* InfoPlist.strings in Resources */,
				F3C028BD1843F5BD00FF08F1 /* Main.storyboard in Resources */,
				F3EE445D18E2309200D21386 /* InfoPlist.strings in Resources */,
			);
			runOnlyForDeploymentPostprocessing = 0;
		};
		F3C028C51843F5BD00FF08F1 /* Resources */ = {
			isa = PBXResourcesBuildPhase;
			buildActionMask = 2147483647;
			files = (
				F3C028D31843F5BD00FF08F1 /* InfoPlist.strings in Resources */,
			);
			runOnlyForDeploymentPostprocessing = 0;
		};
/* End PBXResourcesBuildPhase section */

/* Begin PBXShellScriptBuildPhase section */
		F32E2F6318DD2D1800D5A556 /* ShellScript */ = {
			isa = PBXShellScriptBuildPhase;
			buildActionMask = 2147483647;
			files = (
			);
			inputPaths = (
			);
			outputPaths = (
			);
			runOnlyForDeploymentPostprocessing = 0;
			shellPath = /bin/sh;
			shellScript = "./Crashlytics.framework/run ece2ac5a141b05d778097923cf3c78a6fb77be1e 0eb74581d1121078f1566cefff5670db9e456e8115633e6fe6735690d660eefe";
		};
/* End PBXShellScriptBuildPhase section */

/* Begin PBXSourcesBuildPhase section */
		F3C028A21843F5BD00FF08F1 /* Sources */ = {
			isa = PBXSourcesBuildPhase;
			buildActionMask = 2147483647;
			files = (
				F3E5B67118E64FA600C4B46E /* MagicalRecord+ShorthandSupport.m in Sources */,
				F3B0ECD41857B93100143044 /* Canvas.mm in Sources */,
				F3C028B61843F5BD00FF08F1 /* main.mm in Sources */,
				F33EA966187A3B860045E642 /* SharedManagedDocument.m in Sources */,
				F3E5B66C18E64FA600C4B46E /* MagicalRecord+Actions.m in Sources */,
				F33EA987187B5BE40045E642 /* PhotoCorners+LifeCycle.m in Sources */,
				F3AF498C18B448B4006249BF /* PiecesNavigationController.m in Sources */,
				F33BE9941892F70A0021A5C1 /* PiecesCollectionCell.m in Sources */,
				F32E2F5618DA800700D5A556 /* ParseSyncer.m in Sources */,
				F3E5B66918E64FA600C4B46E /* NSManagedObjectModel+MagicalRecord.m in Sources */,
				F3E5B67018E64FA600C4B46E /* MagicalRecord+Setup.m in Sources */,
				F3E5B65C18E64FA600C4B46E /* NSNumber+MagicalDataImport.m in Sources */,
				F3E5B66318E64FA600C4B46E /* NSManagedObject+MagicalRecord.m in Sources */,
				F32E2EE518D298F400D5A556 /* LogInViewController.m in Sources */,
				F3E5B66A18E64FA600C4B46E /* NSPersistentStore+MagicalRecord.m in Sources */,
				F33EA918187612140045E642 /* StillImagePreview.m in Sources */,
				F330D95418972C7C009265EC /* InitialViewController.m in Sources */,
				F3E5B66718E64FA600C4B46E /* NSManagedObjectContext+MagicalSaves.m in Sources */,
				F3C028BA1843F5BD00FF08F1 /* newBlacAppDelegate.m in Sources */,
				F3E5B66618E64FA600C4B46E /* NSManagedObjectContext+MagicalRecord.m in Sources */,
				F3A495061891D18E00CBAE82 /* CoreDataCollectionViewController.m in Sources */,
				F3E5B67218E64FA600C4B46E /* MagicalRecord.m in Sources */,
				F3EE446718E4B8D100D21386 /* TextEditingView.m in Sources */,
				F3656E7018BAF0440008B694 /* MotionVideoPlayer.m in Sources */,
				F3AAD68F18C2ABFB00B5A23B /* FullScreenMovieViewController.m in Sources */,
				F3C8568618CFDB5500C9FE97 /* Photo.m in Sources */,
				F3A494DF1888A9C700CBAE82 /* Video+LifeCycle.m in Sources */,
				F33EA963187A31D50045E642 /* Photo+LifeCycle.m in Sources */,
				F3E5B66B18E64FA600C4B46E /* NSPersistentStoreCoordinator+MagicalRecord.m in Sources */,
				F3C8568018CFDB5400C9FE97 /* PhotoCorners.m in Sources */,
				F33EA91518760DB50045E642 /* TakeImageViewController.m in Sources */,
				F33EA993187BA1380045E642 /* EditImageViewController.m in Sources */,
				F32E2F5F18DB994200D5A556 /* Video.m in Sources */,
				F3E5B65B18E64FA600C4B46E /* NSEntityDescription+MagicalDataImport.m in Sources */,
				F33EA9211877A4FC0045E642 /* ArtProgressCoreData.xcdatamodeld in Sources */,
				F3FEBEF1187CCB55000C1181 /* CornerDetectionView.m in Sources */,
				F3E5B66E18E64FA600C4B46E /* MagicalRecord+iCloud.m in Sources */,
				F3E5B65F18E64FA600C4B46E /* NSString+MagicalDataImport.m in Sources */,
				F3E5B66F18E64FA600C4B46E /* MagicalRecord+Options.m in Sources */,
				F3AAD68718C15ACE00B5A23B /* VideoPlayViewController.m in Sources */,
				F3A494F7188B2ED300CBAE82 /* VideoCreator.m in Sources */,
				F3A494FA188DEF4E00CBAE82 /* VideoPlayView.m in Sources */,
				F3E5B66218E64FA600C4B46E /* NSManagedObject+MagicalFinders.m in Sources */,
				F3E5B65918E64FA600C4B46E /* MagicalImportFunctions.m in Sources */,
				F3E5B66518E64FA600C4B46E /* NSManagedObjectContext+MagicalObserving.m in Sources */,
				F3FEBF0918809D85000C1181 /* CornerCircle.m in Sources */,
				F3E5B66818E64FA600C4B46E /* NSManagedObjectContext+MagicalThreading.m in Sources */,
				F3E5B66418E64FA600C4B46E /* NSManagedObject+MagicalRequests.m in Sources */,
				F33EA969187A3BA60045E642 /* TroubleshootManagedDocument.m in Sources */,
				F3E5B66D18E64FA600C4B46E /* MagicalRecord+ErrorHandling.m in Sources */,
				F3E5B66118E64FA600C4B46E /* NSManagedObject+MagicalDataImport.m in Sources */,
				F33EA91B187641E90045E642 /* ViewImageViewController.m in Sources */,
				F3E5B65E18E64FA600C4B46E /* NSRelationshipDescription+MagicalDataImport.m in Sources */,
				F3C028C01843F5BD00FF08F1 /* FramesCollectionViewController.m in Sources */,
				F3E5B65A18E64FA600C4B46E /* NSAttributeDescription+MagicalDataImport.m in Sources */,
				F32E2F5018D90C5400D5A556 /* ShareSocialViewController.m in Sources */,
				F33BE9911892F4E90021A5C1 /* VideosCollectionViewController.m in Sources */,
				F3B0ECCC1857A5AF00143044 /* CanvasStraightener.cpp in Sources */,
				F3E5B65D18E64FA600C4B46E /* NSObject+MagicalDataImport.m in Sources */,
				F3E5B66018E64FA600C4B46E /* NSManagedObject+MagicalAggregation.m in Sources */,
				F3FEBF06187FA955000C1181 /* UIImage+ResizeImage.m in Sources */,
				F3A37DBF18947425003B530C /* CollectionViewLayout.m in Sources */,
			);
			runOnlyForDeploymentPostprocessing = 0;
		};
		F3C028C31843F5BD00FF08F1 /* Sources */ = {
			isa = PBXSourcesBuildPhase;
			buildActionMask = 2147483647;
			files = (
				F3EE446318E3B08F00D21386 /* VideoCreator.m in Sources */,
				F3EE446218E389A600D21386 /* VideoCreatorTest.m in Sources */,
			);
			runOnlyForDeploymentPostprocessing = 0;
		};
/* End PBXSourcesBuildPhase section */

/* Begin PBXTargetDependency section */
		F3C028CD1843F5BD00FF08F1 /* PBXTargetDependency */ = {
			isa = PBXTargetDependency;
			target = F3C028A51843F5BD00FF08F1 /* NewBlac */;
			targetProxy = F3C028CC1843F5BD00FF08F1 /* PBXContainerItemProxy */;
		};
/* End PBXTargetDependency section */

/* Begin PBXVariantGroup section */
		F3C028BB1843F5BD00FF08F1 /* Main.storyboard */ = {
			isa = PBXVariantGroup;
			children = (
				F3C028BC1843F5BD00FF08F1 /* Base */,
			);
			name = Main.storyboard;
			sourceTree = "<group>";
		};
		F3C028D11843F5BD00FF08F1 /* InfoPlist.strings */ = {
			isa = PBXVariantGroup;
			children = (
				F3C028D21843F5BD00FF08F1 /* en */,
				F3EE445018E22FBC00D21386 /* ko-KR */,
			);
			name = InfoPlist.strings;
			sourceTree = "<group>";
		};
		F3EE445218E2305400D21386 /* InfoPlist.strings */ = {
			isa = PBXVariantGroup;
			children = (
				F3EE445318E2305400D21386 /* ko-KR */,
			);
			name = InfoPlist.strings;
			sourceTree = "<group>";
		};
		F3EE445418E2305400D21386 /* Localizable.strings */ = {
			isa = PBXVariantGroup;
			children = (
				F3EE445518E2305400D21386 /* ko-KR */,
			);
			name = Localizable.strings;
			sourceTree = "<group>";
		};
		F3EE445918E2309200D21386 /* InfoPlist.strings */ = {
			isa = PBXVariantGroup;
			children = (
				F3EE445A18E2309200D21386 /* en */,
			);
			name = InfoPlist.strings;
			sourceTree = "<group>";
		};
		F3EE445B18E2309200D21386 /* Localizable.strings */ = {
			isa = PBXVariantGroup;
			children = (
				F3EE445C18E2309200D21386 /* en */,
			);
			name = Localizable.strings;
			sourceTree = "<group>";
		};
/* End PBXVariantGroup section */

/* Begin XCBuildConfiguration section */
		F3C028D61843F5BD00FF08F1 /* Debug */ = {
			isa = XCBuildConfiguration;
			buildSettings = {
				ALWAYS_SEARCH_USER_PATHS = NO;
				CLANG_CXX_LANGUAGE_STANDARD = "gnu++0x";
				CLANG_CXX_LIBRARY = "libc++";
				CLANG_ENABLE_MODULES = YES;
				CLANG_ENABLE_OBJC_ARC = YES;
				CLANG_WARN_BOOL_CONVERSION = YES;
				CLANG_WARN_CONSTANT_CONVERSION = YES;
				CLANG_WARN_DIRECT_OBJC_ISA_USAGE = YES_ERROR;
				CLANG_WARN_EMPTY_BODY = YES;
				CLANG_WARN_ENUM_CONVERSION = YES;
				CLANG_WARN_INT_CONVERSION = YES;
				CLANG_WARN_OBJC_ROOT_CLASS = YES_ERROR;
				CLANG_WARN__DUPLICATE_METHOD_MATCH = YES;
				"CODE_SIGN_IDENTITY[sdk=iphoneos*]" = "iPhone Developer";
				COPY_PHASE_STRIP = NO;
				GCC_C_LANGUAGE_STANDARD = gnu99;
				GCC_DYNAMIC_NO_PIC = NO;
				GCC_OPTIMIZATION_LEVEL = 0;
				GCC_PREPROCESSOR_DEFINITIONS = (
					"DEBUG=1",
					"$(inherited)",
				);
				GCC_SYMBOLS_PRIVATE_EXTERN = NO;
				GCC_WARN_64_TO_32_BIT_CONVERSION = YES;
				GCC_WARN_ABOUT_RETURN_TYPE = YES_ERROR;
				GCC_WARN_UNDECLARED_SELECTOR = YES;
				GCC_WARN_UNINITIALIZED_AUTOS = YES;
				GCC_WARN_UNUSED_FUNCTION = YES;
				GCC_WARN_UNUSED_VARIABLE = YES;
				IPHONEOS_DEPLOYMENT_TARGET = 7.0;
				ONLY_ACTIVE_ARCH = YES;
				SDKROOT = iphoneos;
			};
			name = Debug;
		};
		F3C028D71843F5BD00FF08F1 /* Release */ = {
			isa = XCBuildConfiguration;
			buildSettings = {
				ALWAYS_SEARCH_USER_PATHS = NO;
				CLANG_CXX_LANGUAGE_STANDARD = "gnu++0x";
				CLANG_CXX_LIBRARY = "libc++";
				CLANG_ENABLE_MODULES = YES;
				CLANG_ENABLE_OBJC_ARC = YES;
				CLANG_WARN_BOOL_CONVERSION = YES;
				CLANG_WARN_CONSTANT_CONVERSION = YES;
				CLANG_WARN_DIRECT_OBJC_ISA_USAGE = YES_ERROR;
				CLANG_WARN_EMPTY_BODY = YES;
				CLANG_WARN_ENUM_CONVERSION = YES;
				CLANG_WARN_INT_CONVERSION = YES;
				CLANG_WARN_OBJC_ROOT_CLASS = YES_ERROR;
				CLANG_WARN__DUPLICATE_METHOD_MATCH = YES;
				"CODE_SIGN_IDENTITY[sdk=iphoneos*]" = "iPhone Developer";
				COPY_PHASE_STRIP = YES;
				ENABLE_NS_ASSERTIONS = NO;
				GCC_C_LANGUAGE_STANDARD = gnu99;
				GCC_WARN_64_TO_32_BIT_CONVERSION = YES;
				GCC_WARN_ABOUT_RETURN_TYPE = YES_ERROR;
				GCC_WARN_UNDECLARED_SELECTOR = YES;
				GCC_WARN_UNINITIALIZED_AUTOS = YES;
				GCC_WARN_UNUSED_FUNCTION = YES;
				GCC_WARN_UNUSED_VARIABLE = YES;
				IPHONEOS_DEPLOYMENT_TARGET = 7.0;
				SDKROOT = iphoneos;
				VALIDATE_PRODUCT = YES;
			};
			name = Release;
		};
		F3C028D91843F5BD00FF08F1 /* Debug */ = {
			isa = XCBuildConfiguration;
			buildSettings = {
				ASSETCATALOG_COMPILER_APPICON_NAME = AppIcon;
				ASSETCATALOG_COMPILER_LAUNCHIMAGE_NAME = LaunchImage;
				CODE_SIGN_IDENTITY = "iPhone Developer";
				"CODE_SIGN_IDENTITY[sdk=iphoneos*]" = "iPhone Developer";
				FRAMEWORK_SEARCH_PATHS = (
					"$(inherited)",
					/Users/ahryun/Developer/PersonaliOSProjects/ios,
					"$(PROJECT_DIR)",
					/Users/ahryun/Documents/FacebookSDK,
				);
				GCC_PRECOMPILE_PREFIX_HEADER = YES;
				GCC_PREFIX_HEADER = "NewBlac/NewBlac-Prefix.pch";
				INFOPLIST_FILE = "NewBlac/NewBlac-Info.plist";
				IPHONEOS_DEPLOYMENT_TARGET = 7.0;
				PRODUCT_NAME = "$(TARGET_NAME)";
				PROVISIONING_PROFILE = "E9BD781A-5A8C-4DED-987E-43AE3AF7D043";
				WRAPPER_EXTENSION = app;
			};
			name = Debug;
		};
		F3C028DA1843F5BD00FF08F1 /* Release */ = {
			isa = XCBuildConfiguration;
			buildSettings = {
				ASSETCATALOG_COMPILER_APPICON_NAME = AppIcon;
				ASSETCATALOG_COMPILER_LAUNCHIMAGE_NAME = LaunchImage;
				CODE_SIGN_IDENTITY = "iPhone Developer";
				"CODE_SIGN_IDENTITY[sdk=iphoneos*]" = "iPhone Developer";
				FRAMEWORK_SEARCH_PATHS = (
					"$(inherited)",
					/Users/ahryun/Developer/PersonaliOSProjects/ios,
					"$(PROJECT_DIR)",
					/Users/ahryun/Documents/FacebookSDK,
				);
				GCC_PRECOMPILE_PREFIX_HEADER = YES;
				GCC_PREFIX_HEADER = "NewBlac/NewBlac-Prefix.pch";
				INFOPLIST_FILE = "NewBlac/NewBlac-Info.plist";
				IPHONEOS_DEPLOYMENT_TARGET = 7.0;
				PRODUCT_NAME = "$(TARGET_NAME)";
				PROVISIONING_PROFILE = "1242729D-AE94-4954-908D-8D9E7CA30244";
				WRAPPER_EXTENSION = app;
			};
			name = Release;
		};
		F3C028DC1843F5BD00FF08F1 /* Debug */ = {
			isa = XCBuildConfiguration;
			buildSettings = {
				CLANG_ENABLE_MODULES = YES;
				FRAMEWORK_SEARCH_PATHS = (
					"$(SDKROOT)/Developer/Library/Frameworks",
					"$(inherited)",
					"$(DEVELOPER_FRAMEWORKS_DIR)",
					"$(PROJECT_DIR)",
				);
				GCC_PRECOMPILE_PREFIX_HEADER = YES;
				GCC_PREFIX_HEADER = "NewBlac/NewBlac-Prefix.pch";
				GCC_PREPROCESSOR_DEFINITIONS = (
					"DEBUG=1",
					"$(inherited)",
				);
				INFOPLIST_FILE = "NewBlacTests/NewBlacTests-Info.plist";
				MACH_O_TYPE = mh_bundle;
				OTHER_LDFLAGS = (
					"-ObjC",
					"-framework",
					CoreData,
				);
				PRODUCT_NAME = "$(TARGET_NAME)";
				TEST_HOST = "$(BUNDLE_LOADER)";
				WRAPPER_EXTENSION = xctest;
			};
			name = Debug;
		};
		F3C028DD1843F5BD00FF08F1 /* Release */ = {
			isa = XCBuildConfiguration;
			buildSettings = {
				CLANG_ENABLE_MODULES = YES;
				FRAMEWORK_SEARCH_PATHS = (
					"$(SDKROOT)/Developer/Library/Frameworks",
					"$(inherited)",
					"$(DEVELOPER_FRAMEWORKS_DIR)",
					"$(PROJECT_DIR)",
				);
				GCC_PRECOMPILE_PREFIX_HEADER = YES;
				GCC_PREFIX_HEADER = "NewBlac/NewBlac-Prefix.pch";
				INFOPLIST_FILE = "NewBlacTests/NewBlacTests-Info.plist";
				MACH_O_TYPE = mh_bundle;
				OTHER_LDFLAGS = (
					"-ObjC",
					"-framework",
					CoreData,
				);
				PRODUCT_NAME = "$(TARGET_NAME)";
				TEST_HOST = "$(BUNDLE_LOADER)";
				WRAPPER_EXTENSION = xctest;
			};
			name = Release;
		};
/* End XCBuildConfiguration section */

/* Begin XCConfigurationList section */
		F3C028A11843F5BD00FF08F1 /* Build configuration list for PBXProject "NewBlac" */ = {
			isa = XCConfigurationList;
			buildConfigurations = (
				F3C028D61843F5BD00FF08F1 /* Debug */,
				F3C028D71843F5BD00FF08F1 /* Release */,
			);
			defaultConfigurationIsVisible = 0;
			defaultConfigurationName = Release;
		};
		F3C028D81843F5BD00FF08F1 /* Build configuration list for PBXNativeTarget "NewBlac" */ = {
			isa = XCConfigurationList;
			buildConfigurations = (
				F3C028D91843F5BD00FF08F1 /* Debug */,
				F3C028DA1843F5BD00FF08F1 /* Release */,
			);
			defaultConfigurationIsVisible = 0;
			defaultConfigurationName = Release;
		};
		F3C028DB1843F5BD00FF08F1 /* Build configuration list for PBXNativeTarget "NewBlacTests" */ = {
			isa = XCConfigurationList;
			buildConfigurations = (
				F3C028DC1843F5BD00FF08F1 /* Debug */,
				F3C028DD1843F5BD00FF08F1 /* Release */,
			);
			defaultConfigurationIsVisible = 0;
			defaultConfigurationName = Release;
		};
/* End XCConfigurationList section */

/* Begin XCVersionGroup section */
		F33EA91F1877A4FC0045E642 /* ArtProgressCoreData.xcdatamodeld */ = {
			isa = XCVersionGroup;
			children = (
				F33EA9201877A4FC0045E642 /* ArtProgressCoreData.xcdatamodel */,
			);
			currentVersion = F33EA9201877A4FC0045E642 /* ArtProgressCoreData.xcdatamodel */;
			path = ArtProgressCoreData.xcdatamodeld;
			sourceTree = "<group>";
			versionGroupType = wrapper.xcdatamodel;
		};
/* End XCVersionGroup section */
	};
	rootObject = F3C0289E1843F5BD00FF08F1 /* Project object */;
}
